{
  "version": 4,
  "terraform_version": "1.9.4",
  "serial": 1359,
  "lineage": "a569b0a9-25be-54f6-92d4-5f0a568a6ce7",
  "outputs": {
    "private_subnets": {
      "value": [
        "subnet-0f5d06e99c37f10d0",
        "subnet-00108161fc2f6e03e"
      ],
      "type": [
        "tuple",
        [
          "string",
          "string"
        ]
      ]
    },
    "public_subnets": {
      "value": [
        "subnet-024e428553ab01765",
        "subnet-0fae8f4bed658e2f7"
      ],
      "type": [
        "tuple",
        [
          "string",
          "string"
        ]
      ]
    },
    "target_group_arn_output": {
      "value": "arn:aws:elasticloadbalancing:us-west-1:833371734412:targetgroup/desafio-target-group-Wthpq/fb703a8330685ec8",
      "type": "string"
    },
    "vpc_id": {
      "value": "vpc-0b648cef8e82add73",
      "type": "string"
    }
  },
  "resources": [
    {
      "mode": "managed",
      "type": "aws_iam_role",
      "name": "eks_node_role",
      "provider": "provider[\"registry.terraform.io/hashicorp/aws\"]",
      "instances": [
        {
          "schema_version": 0,
          "attributes": {
            "arn": "arn:aws:iam::833371734412:role/eks_node_role-Wthpq",
            "assume_role_policy": "{\"Statement\":[{\"Action\":\"sts:AssumeRole\",\"Effect\":\"Allow\",\"Principal\":{\"Service\":\"ec2.amazonaws.com\"}}],\"Version\":\"2012-10-17\"}",
            "create_date": "2024-08-28T18:04:50Z",
            "description": "",
            "force_detach_policies": false,
            "id": "eks_node_role-Wthpq",
            "inline_policy": [],
            "managed_policy_arns": [],
            "max_session_duration": 3600,
            "name": "eks_node_role-Wthpq",
            "name_prefix": "",
            "path": "/",
            "permissions_boundary": "",
            "tags": {
              "Name": "desafio-rds"
            },
            "tags_all": {
              "Name": "desafio-rds"
            },
            "unique_id": "AROA4ECGTQGGKO5RFQSNY"
          },
          "sensitive_attributes": [],
          "private": "bnVsbA==",
          "dependencies": [
            "random_string.suffix"
          ]
        }
      ]
    },
    {
      "mode": "managed",
      "type": "aws_iam_role_policy_attachment",
      "name": "ec2_container_registry_read_only",
      "provider": "provider[\"registry.terraform.io/hashicorp/aws\"]",
      "instances": [
        {
          "schema_version": 0,
          "attributes": {
            "id": "eks_node_role-Wthpq-20240828180450065200000005",
            "policy_arn": "arn:aws:iam::aws:policy/AmazonEC2ContainerRegistryReadOnly",
            "role": "eks_node_role-Wthpq"
          },
          "sensitive_attributes": [],
          "private": "bnVsbA==",
          "dependencies": [
            "aws_iam_role.eks_node_role",
            "random_string.suffix"
          ]
        }
      ]
    },
    {
      "mode": "managed",
      "type": "aws_iam_role_policy_attachment",
      "name": "eks_cni_policy",
      "provider": "provider[\"registry.terraform.io/hashicorp/aws\"]",
      "instances": [
        {
          "schema_version": 0,
          "attributes": {
            "id": "eks_node_role-Wthpq-20240828180450109000000006",
            "policy_arn": "arn:aws:iam::aws:policy/AmazonEKS_CNI_Policy",
            "role": "eks_node_role-Wthpq"
          },
          "sensitive_attributes": [],
          "private": "bnVsbA==",
          "dependencies": [
            "aws_iam_role.eks_node_role",
            "random_string.suffix"
          ]
        }
      ]
    },
    {
      "mode": "managed",
      "type": "aws_iam_role_policy_attachment",
      "name": "eks_worker_node_policy",
      "provider": "provider[\"registry.terraform.io/hashicorp/aws\"]",
      "instances": [
        {
          "schema_version": 0,
          "attributes": {
            "id": "eks_node_role-Wthpq-20240828180449892900000004",
            "policy_arn": "arn:aws:iam::aws:policy/AmazonEKSWorkerNodePolicy",
            "role": "eks_node_role-Wthpq"
          },
          "sensitive_attributes": [],
          "private": "bnVsbA==",
          "dependencies": [
            "aws_iam_role.eks_node_role",
            "random_string.suffix"
          ]
        }
      ]
    },
    {
      "mode": "managed",
      "type": "aws_lb",
      "name": "desafio_alb",
      "provider": "provider[\"registry.terraform.io/hashicorp/aws\"]",
      "instances": [
        {
          "schema_version": 0,
          "attributes": {
            "access_logs": [
              {
                "bucket": "",
                "enabled": false,
                "prefix": ""
              }
            ],
            "arn": "arn:aws:elasticloadbalancing:us-west-1:833371734412:loadbalancer/app/desafio-alb-Wthpq/c695c04795569973",
            "arn_suffix": "app/desafio-alb-Wthpq/c695c04795569973",
            "client_keep_alive": 3600,
            "connection_logs": [
              {
                "bucket": "",
                "enabled": false,
                "prefix": ""
              }
            ],
            "customer_owned_ipv4_pool": "",
            "desync_mitigation_mode": "defensive",
            "dns_name": "desafio-alb-Wthpq-14334579.us-west-1.elb.amazonaws.com",
            "dns_record_client_routing_policy": null,
            "drop_invalid_header_fields": false,
            "enable_cross_zone_load_balancing": true,
            "enable_deletion_protection": false,
            "enable_http2": true,
            "enable_tls_version_and_cipher_suite_headers": false,
            "enable_waf_fail_open": false,
            "enable_xff_client_port": false,
            "enforce_security_group_inbound_rules_on_private_link_traffic": "",
            "id": "arn:aws:elasticloadbalancing:us-west-1:833371734412:loadbalancer/app/desafio-alb-Wthpq/c695c04795569973",
            "idle_timeout": 60,
            "internal": false,
            "ip_address_type": "ipv4",
            "load_balancer_type": "application",
            "name": "desafio-alb-Wthpq",
            "name_prefix": "",
            "preserve_host_header": false,
            "security_groups": [
              "sg-0ba32ec815b626081"
            ],
            "subnet_mapping": [
              {
                "allocation_id": "",
                "ipv6_address": "",
                "outpost_id": "",
                "private_ipv4_address": "",
                "subnet_id": "subnet-024e428553ab01765"
              },
              {
                "allocation_id": "",
                "ipv6_address": "",
                "outpost_id": "",
                "private_ipv4_address": "",
                "subnet_id": "subnet-0fae8f4bed658e2f7"
              }
            ],
            "subnets": [
              "subnet-024e428553ab01765",
              "subnet-0fae8f4bed658e2f7"
            ],
            "tags": {
              "Name": "desafio-rds"
            },
            "tags_all": {
              "Name": "desafio-rds"
            },
            "timeouts": null,
            "vpc_id": "vpc-0b648cef8e82add73",
            "xff_header_processing_mode": "append",
            "zone_id": "Z368ELLRRE2KJ0"
          },
          "sensitive_attributes": [],
          "private": "eyJlMmJmYjczMC1lY2FhLTExZTYtOGY4OC0zNDM2M2JjN2M0YzAiOnsiY3JlYXRlIjo2MDAwMDAwMDAwMDAsImRlbGV0ZSI6NjAwMDAwMDAwMDAwLCJ1cGRhdGUiOjYwMDAwMDAwMDAwMH19",
          "dependencies": [
            "aws_security_group.alb_sg",
            "module.vpc.aws_subnet.public",
            "module.vpc.aws_vpc.this",
            "module.vpc.aws_vpc_ipv4_cidr_block_association.this",
            "random_string.suffix"
          ]
        }
      ]
    },
    {
      "mode": "managed",
      "type": "aws_lb_target_group",
      "name": "desafio_target_group",
      "provider": "provider[\"registry.terraform.io/hashicorp/aws\"]",
      "instances": [
        {
          "schema_version": 0,
          "attributes": {
            "arn": "arn:aws:elasticloadbalancing:us-west-1:833371734412:targetgroup/desafio-target-group-Wthpq/fb703a8330685ec8",
            "arn_suffix": "targetgroup/desafio-target-group-Wthpq/fb703a8330685ec8",
            "connection_termination": null,
            "deregistration_delay": "300",
            "health_check": [
              {
                "enabled": true,
                "healthy_threshold": 5,
                "interval": 30,
                "matcher": "200",
                "path": "/",
                "port": "traffic-port",
                "protocol": "HTTP",
                "timeout": 5,
                "unhealthy_threshold": 2
              }
            ],
            "id": "arn:aws:elasticloadbalancing:us-west-1:833371734412:targetgroup/desafio-target-group-Wthpq/fb703a8330685ec8",
            "ip_address_type": "ipv4",
            "lambda_multi_value_headers_enabled": false,
            "load_balancer_arns": [],
            "load_balancing_algorithm_type": "round_robin",
            "load_balancing_anomaly_mitigation": "off",
            "load_balancing_cross_zone_enabled": "use_load_balancer_configuration",
            "name": "desafio-target-group-Wthpq",
            "name_prefix": "",
            "port": 80,
            "preserve_client_ip": null,
            "protocol": "HTTP",
            "protocol_version": "HTTP1",
            "proxy_protocol_v2": false,
            "slow_start": 0,
            "stickiness": [
              {
                "cookie_duration": 86400,
                "cookie_name": "",
                "enabled": false,
                "type": "lb_cookie"
              }
            ],
            "tags": null,
            "tags_all": {},
            "target_failover": [
              {
                "on_deregistration": null,
                "on_unhealthy": null
              }
            ],
            "target_group_health": [
              {
                "dns_failover": [
                  {
                    "minimum_healthy_targets_count": "1",
                    "minimum_healthy_targets_percentage": "off"
                  }
                ],
                "unhealthy_state_routing": [
                  {
                    "minimum_healthy_targets_count": 1,
                    "minimum_healthy_targets_percentage": "off"
                  }
                ]
              }
            ],
            "target_health_state": [
              {
                "enable_unhealthy_connection_termination": null,
                "unhealthy_draining_interval": null
              }
            ],
            "target_type": "instance",
            "vpc_id": "vpc-0b648cef8e82add73"
          },
          "sensitive_attributes": [],
          "private": "bnVsbA==",
          "dependencies": [
            "module.vpc.aws_vpc.this",
            "random_string.suffix"
          ]
        }
      ]
    },
    {
      "mode": "managed",
      "type": "aws_security_group",
      "name": "alb_sg",
      "provider": "provider[\"registry.terraform.io/hashicorp/aws\"]",
      "instances": [
        {
          "schema_version": 1,
          "attributes": {
            "arn": "arn:aws:ec2:us-west-1:833371734412:security-group/sg-0ba32ec815b626081",
            "description": "Security group for ALB",
            "egress": [
              {
                "cidr_blocks": [
                  "0.0.0.0/0"
                ],
                "description": "",
                "from_port": 0,
                "ipv6_cidr_blocks": [],
                "prefix_list_ids": [],
                "protocol": "-1",
                "security_groups": [],
                "self": false,
                "to_port": 0
              }
            ],
            "id": "sg-0ba32ec815b626081",
            "ingress": [
              {
                "cidr_blocks": [
                  "0.0.0.0/0"
                ],
                "description": "",
                "from_port": 80,
                "ipv6_cidr_blocks": [],
                "prefix_list_ids": [],
                "protocol": "tcp",
                "security_groups": [],
                "self": false,
                "to_port": 80
              }
            ],
            "name": "alb-sg-Wthpq",
            "name_prefix": "",
            "owner_id": "833371734412",
            "revoke_rules_on_delete": false,
            "tags": {
              "Name": "alb-sg-Wthpq"
            },
            "tags_all": {
              "Name": "alb-sg-Wthpq"
            },
            "timeouts": null,
            "vpc_id": "vpc-0b648cef8e82add73"
          },
          "sensitive_attributes": [],
          "private": "eyJlMmJmYjczMC1lY2FhLTExZTYtOGY4OC0zNDM2M2JjN2M0YzAiOnsiY3JlYXRlIjo2MDAwMDAwMDAwMDAsImRlbGV0ZSI6OTAwMDAwMDAwMDAwfSwic2NoZW1hX3ZlcnNpb24iOiIxIn0=",
          "dependencies": [
            "module.vpc.aws_vpc.this",
            "random_string.suffix"
          ]
        }
      ]
    },
    {
      "mode": "managed",
      "type": "random_string",
      "name": "suffix",
      "provider": "provider[\"registry.terraform.io/hashicorp/random\"]",
      "instances": [
        {
          "schema_version": 2,
          "attributes": {
            "id": "Wthpq",
            "keepers": null,
            "length": 5,
            "lower": true,
            "min_lower": 0,
            "min_numeric": 0,
            "min_special": 0,
            "min_upper": 0,
            "number": true,
            "numeric": true,
            "override_special": null,
            "result": "Wthpq",
            "special": false,
            "upper": true
          },
          "sensitive_attributes": []
        }
      ]
    },
    {
      "module": "module.eks",
      "mode": "managed",
      "type": "random_string",
      "name": "suffix",
      "provider": "provider[\"registry.terraform.io/hashicorp/random\"]",
      "instances": [
        {
          "schema_version": 2,
          "attributes": {
            "id": "CRQ",
            "keepers": null,
            "length": 3,
            "lower": true,
            "min_lower": 0,
            "min_numeric": 0,
            "min_special": 0,
            "min_upper": 0,
            "number": true,
            "numeric": true,
            "override_special": null,
            "result": "CRQ",
            "special": false,
            "upper": true
          },
          "sensitive_attributes": []
        }
      ]
    },
    {
      "module": "module.eks.module.eks",
      "mode": "data",
      "type": "aws_caller_identity",
      "name": "current",
      "provider": "provider[\"registry.terraform.io/hashicorp/aws\"]",
      "instances": [
        {
          "schema_version": 0,
          "attributes": {
            "account_id": "833371734412",
            "arn": "arn:aws:iam::833371734412:user/terraform",
            "id": "833371734412",
            "user_id": "AIDA4ECGTQGGMTFGGOOIJ"
          },
          "sensitive_attributes": []
        }
      ]
    },
    {
      "module": "module.eks.module.eks",
      "mode": "data",
      "type": "aws_eks_addon_version",
      "name": "this",
      "provider": "provider[\"registry.terraform.io/hashicorp/aws\"]",
      "instances": [
        {
          "index_key": "coredns",
          "schema_version": 0,
          "attributes": {
            "addon_name": "coredns",
            "id": "coredns",
            "kubernetes_version": "1.30",
            "most_recent": true,
            "version": "v1.11.1-eksbuild.11"
          },
          "sensitive_attributes": []
        },
        {
          "index_key": "kube-proxy",
          "schema_version": 0,
          "attributes": {
            "addon_name": "kube-proxy",
            "id": "kube-proxy",
            "kubernetes_version": "1.30",
            "most_recent": true,
            "version": "v1.30.3-eksbuild.2"
          },
          "sensitive_attributes": []
        },
        {
          "index_key": "vpc-cni",
          "schema_version": 0,
          "attributes": {
            "addon_name": "vpc-cni",
            "id": "vpc-cni",
            "kubernetes_version": "1.30",
            "most_recent": true,
            "version": "v1.18.3-eksbuild.2"
          },
          "sensitive_attributes": []
        }
      ]
    },
    {
      "module": "module.eks.module.eks",
      "mode": "data",
      "type": "aws_iam_policy_document",
      "name": "assume_role_policy",
      "provider": "provider[\"registry.terraform.io/hashicorp/aws\"]",
      "instances": [
        {
          "index_key": 0,
          "schema_version": 0,
          "attributes": {
            "id": "2764486067",
            "json": "{\n  \"Version\": \"2012-10-17\",\n  \"Statement\": [\n    {\n      \"Sid\": \"EKSClusterAssumeRole\",\n      \"Effect\": \"Allow\",\n      \"Action\": \"sts:AssumeRole\",\n      \"Principal\": {\n        \"Service\": \"eks.amazonaws.com\"\n      }\n    }\n  ]\n}",
            "minified_json": "{\"Version\":\"2012-10-17\",\"Statement\":[{\"Sid\":\"EKSClusterAssumeRole\",\"Effect\":\"Allow\",\"Action\":\"sts:AssumeRole\",\"Principal\":{\"Service\":\"eks.amazonaws.com\"}}]}",
            "override_json": null,
            "override_policy_documents": null,
            "policy_id": null,
            "source_json": null,
            "source_policy_documents": null,
            "statement": [
              {
                "actions": [
                  "sts:AssumeRole"
                ],
                "condition": [],
                "effect": "Allow",
                "not_actions": [],
                "not_principals": [],
                "not_resources": [],
                "principals": [
                  {
                    "identifiers": [
                      "eks.amazonaws.com"
                    ],
                    "type": "Service"
                  }
                ],
                "resources": [],
                "sid": "EKSClusterAssumeRole"
              }
            ],
            "version": "2012-10-17"
          },
          "sensitive_attributes": []
        }
      ]
    },
    {
      "module": "module.eks.module.eks",
      "mode": "data",
      "type": "aws_iam_policy_document",
      "name": "cni_ipv6_policy",
      "provider": "provider[\"registry.terraform.io/hashicorp/aws\"]",
      "instances": []
    },
    {
      "module": "module.eks.module.eks",
      "mode": "data",
      "type": "aws_iam_session_context",
      "name": "current",
      "provider": "provider[\"registry.terraform.io/hashicorp/aws\"]",
      "instances": [
        {
          "schema_version": 0,
          "attributes": {
            "arn": "arn:aws:iam::833371734412:user/terraform",
            "id": "arn:aws:iam::833371734412:user/terraform",
            "issuer_arn": "arn:aws:iam::833371734412:user/terraform",
            "issuer_id": "",
            "issuer_name": "",
            "session_name": ""
          },
          "sensitive_attributes": []
        }
      ]
    },
    {
      "module": "module.eks.module.eks",
      "mode": "data",
      "type": "aws_partition",
      "name": "current",
      "provider": "provider[\"registry.terraform.io/hashicorp/aws\"]",
      "instances": [
        {
          "schema_version": 0,
          "attributes": {
            "dns_suffix": "amazonaws.com",
            "id": "aws",
            "partition": "aws",
            "reverse_dns_prefix": "com.amazonaws"
          },
          "sensitive_attributes": []
        }
      ]
    },
    {
      "module": "module.eks.module.eks",
      "mode": "data",
      "type": "tls_certificate",
      "name": "this",
      "provider": "provider[\"registry.terraform.io/hashicorp/tls\"]",
      "instances": [
        {
          "index_key": 0,
          "schema_version": 0,
          "attributes": {
            "certificates": [
              {
                "cert_pem": "-----BEGIN CERTIFICATE-----\nMIIEdTCCA12gAwIBAgIJAKcOSkw0grd/MA0GCSqGSIb3DQEBCwUAMGgxCzAJBgNV\nBAYTAlVTMSUwIwYDVQQKExxTdGFyZmllbGQgVGVjaG5vbG9naWVzLCBJbmMuMTIw\nMAYDVQQLEylTdGFyZmllbGQgQ2xhc3MgMiBDZXJ0aWZpY2F0aW9uIEF1dGhvcml0\neTAeFw0wOTA5MDIwMDAwMDBaFw0zNDA2MjgxNzM5MTZaMIGYMQswCQYDVQQGEwJV\nUzEQMA4GA1UECBMHQXJpem9uYTETMBEGA1UEBxMKU2NvdHRzZGFsZTElMCMGA1UE\nChMcU3RhcmZpZWxkIFRlY2hub2xvZ2llcywgSW5jLjE7MDkGA1UEAxMyU3RhcmZp\nZWxkIFNlcnZpY2VzIFJvb3QgQ2VydGlmaWNhdGUgQXV0aG9yaXR5IC0gRzIwggEi\nMA0GCSqGSIb3DQEBAQUAA4IBDwAwggEKAoIBAQDVDDrEKvlO4vW+GZdfjohTsR8/\ny8+fIBNtKTrID30892t2OGPZNmCom15cAICyL1l/9of5JUOG52kbUpqQ4XHj2C0N\nTm/2yEnZtvMaVq4rtnQU68/7JuMauh2WLmo7WJSJR1b/JaCTcFOD2oR0FMNnngRo\nOt+OQFodSk7PQ5E751bWAHDLUu57fa4657wx+UX2wmDPE1kCK4DMNEffud6QZW0C\nzyyRpqbn3oUYSXxmTqM6bam17jQuug0DuDPfR+uxa40l2ZvOgdFFRjKWcIfeAg5J\nQ4W2bHO7ZOphQazJ1FTfhy/HIrImzJ9ZVGif/L4qL8RVHHVAYBeFAlU5i38FAgMB\nAAGjgfAwge0wDwYDVR0TAQH/BAUwAwEB/zAOBgNVHQ8BAf8EBAMCAYYwHQYDVR0O\nBBYEFJxfAN+qAdcwKziIorhtSpzyEZGDMB8GA1UdIwQYMBaAFL9ft9HO3R+G9FtV\nrNzXEMIOqYjnME8GCCsGAQUFBwEBBEMwQTAcBggrBgEFBQcwAYYQaHR0cDovL28u\nc3MyLnVzLzAhBggrBgEFBQcwAoYVaHR0cDovL3guc3MyLnVzL3guY2VyMCYGA1Ud\nHwQfMB0wG6AZoBeGFWh0dHA6Ly9zLnNzMi51cy9yLmNybDARBgNVHSAECjAIMAYG\nBFUdIAAwDQYJKoZIhvcNAQELBQADggEBACMd44pXyn3pF3lM8R5V/cxTbj5HD9/G\nVfKyBDbtgB9TxF00KGu+x1X8Z+rLP3+QsjPNG1gQggL4+C/1E2DUBc7xgQjB3ad1\nl08YuW3e95ORCLp+QCztweq7dp4zBncdDQh/U90bZKuCJ/Fp1U1ervShw3WnWEQt\n8jxwmKy6abaVd38PMV4s/KCHOkdp8Hlf9BRUpJVeEXgSYCfOn8J3/yNTd126/+pZ\n59vPr5KW7ySaNRB6nJHGDn2Z9j8Z3/VyVOEVqQdZe4O/Ui5GjLIAZHYcSNPYeehu\nVsyuLAOQ1xk4meTKCRlb/weWsKh/NEnfVqn3sF/tM+2MR7cwA130A4w=\n-----END CERTIFICATE-----\n",
                "is_ca": true,
                "issuer": "OU=Starfield Class 2 Certification Authority,O=Starfield Technologies\\, Inc.,C=US",
                "not_after": "2034-06-28T17:39:16Z",
                "not_before": "2009-09-02T00:00:00Z",
                "public_key_algorithm": "RSA",
                "serial_number": "12037640545166866303",
                "sha1_fingerprint": "9e99a48a9960b14926bb7f3b02e22da2b0ab7280",
                "signature_algorithm": "SHA256-RSA",
                "subject": "CN=Starfield Services Root Certificate Authority - G2,O=Starfield Technologies\\, Inc.,L=Scottsdale,ST=Arizona,C=US",
                "version": 3
              },
              {
                "cert_pem": "-----BEGIN CERTIFICATE-----\nMIIEkjCCA3qgAwIBAgITBn+USionzfP6wq4rAfkI7rnExjANBgkqhkiG9w0BAQsF\nADCBmDELMAkGA1UEBhMCVVMxEDAOBgNVBAgTB0FyaXpvbmExEzARBgNVBAcTClNj\nb3R0c2RhbGUxJTAjBgNVBAoTHFN0YXJmaWVsZCBUZWNobm9sb2dpZXMsIEluYy4x\nOzA5BgNVBAMTMlN0YXJmaWVsZCBTZXJ2aWNlcyBSb290IENlcnRpZmljYXRlIEF1\ndGhvcml0eSAtIEcyMB4XDTE1MDUyNTEyMDAwMFoXDTM3MTIzMTAxMDAwMFowOTEL\nMAkGA1UEBhMCVVMxDzANBgNVBAoTBkFtYXpvbjEZMBcGA1UEAxMQQW1hem9uIFJv\nb3QgQ0EgMTCCASIwDQYJKoZIhvcNAQEBBQADggEPADCCAQoCggEBALJ4gHHKeNXj\nca9HgFB0fW7Y14h29Jlo91ghYPl0hAEvrAIthtOgQ3pOsqTQNroBvo3bSMgHFzZM\n9O6II8c+6zf1tRn4SWiw3te5djgdYZ6k/oI2peVKVuRF4fn9tBb6dNqcmzU5L/qw\nIFAGbHrQgLKm+a/sRxmPUDgH3KKHOVj4utWp+UhnMJbulHheb4mjUcAwhmahRWa6\nVOujw5H5SNz/0egwLX0tdHA114gk957EWW67c4cX8jJGKLhD+rcdqsq08p8kDi1L\n93FcXmn/6pUCyziKrlA4b9v7LWIbxcceVOF34GfID5yHI9Y/QCB/IIDEgEw+OyQm\njgSubJrIqg0CAwEAAaOCATEwggEtMA8GA1UdEwEB/wQFMAMBAf8wDgYDVR0PAQH/\nBAQDAgGGMB0GA1UdDgQWBBSEGMyFNOy8DJSULghZnMeyEE4KCDAfBgNVHSMEGDAW\ngBScXwDfqgHXMCs4iKK4bUqc8hGRgzB4BggrBgEFBQcBAQRsMGowLgYIKwYBBQUH\nMAGGImh0dHA6Ly9vY3NwLnJvb3RnMi5hbWF6b250cnVzdC5jb20wOAYIKwYBBQUH\nMAKGLGh0dHA6Ly9jcnQucm9vdGcyLmFtYXpvbnRydXN0LmNvbS9yb290ZzIuY2Vy\nMD0GA1UdHwQ2MDQwMqAwoC6GLGh0dHA6Ly9jcmwucm9vdGcyLmFtYXpvbnRydXN0\nLmNvbS9yb290ZzIuY3JsMBEGA1UdIAQKMAgwBgYEVR0gADANBgkqhkiG9w0BAQsF\nAAOCAQEAYjdCXLwQtT6LLOkMm2xF4gcAevnFWAu5CIw+7bMlPLVvUOTNNWqnkzSW\nMiGpSESrnO09tKpzbeR/FoCJbM8oAxiDR3mjEH4wW6w7sGDgd9QIpuEdfF7Au/ma\neyKdpwAJfqxGF4PcnCZXmTA5YpaP7dreqsXMGz7KQ2hsVxa81Q4gLv7/wmpdLqBK\nbRRYh5TmOTFffHPLkIhqhBGWJ6bt2YFGpn6jcgAKUj6DiAdjd4lpFw85hdKrCEVN\n0FE6/V1dN2RMfjCyVSRCnTawXZwXgWHxyvkQAiSr6w10kY17RSlQOYiypok1JR4U\nakcjMS9cmvqtmg5iUaQqqcT5NJ0hGA==\n-----END CERTIFICATE-----\n",
                "is_ca": true,
                "issuer": "CN=Starfield Services Root Certificate Authority - G2,O=Starfield Technologies\\, Inc.,L=Scottsdale,ST=Arizona,C=US",
                "not_after": "2037-12-31T01:00:00Z",
                "not_before": "2015-05-25T12:00:00Z",
                "public_key_algorithm": "RSA",
                "serial_number": "144918191876577076464031512351042010504348870",
                "sha1_fingerprint": "06b25927c42a721631c1efd9431e648fa62e1e39",
                "signature_algorithm": "SHA256-RSA",
                "subject": "CN=Amazon Root CA 1,O=Amazon,C=US",
                "version": 3
              },
              {
                "cert_pem": "-----BEGIN CERTIFICATE-----\nMIIEXjCCA0agAwIBAgITB3MSTNQG0mfAmRzdKZqfODF5hTANBgkqhkiG9w0BAQsF\nADA5MQswCQYDVQQGEwJVUzEPMA0GA1UEChMGQW1hem9uMRkwFwYDVQQDExBBbWF6\nb24gUm9vdCBDQSAxMB4XDTIyMDgyMzIyMjYwNFoXDTMwMDgyMzIyMjYwNFowPDEL\nMAkGA1UEBhMCVVMxDzANBgNVBAoTBkFtYXpvbjEcMBoGA1UEAxMTQW1hem9uIFJT\nQSAyMDQ4IE0wMzCCASIwDQYJKoZIhvcNAQEBBQADggEPADCCAQoCggEBALd/pVko\n8vuM475Tf45HV3BbCl/B9Jy89G1CRkFjcPY06WA9lS+7dWbUA7GtWUKoksr69hKM\nwcMsNpxlw7b3jeXFgxB09/nmalcAWtnLzF+LaDKEA5DQmvKzuh1nfIfqEiKCQSmX\nXh09Xs+dO7cm5qbaL2hhNJCSAejciwcvOFgFNgEMR42wm6KIFHsQW28jhA+1u/M0\np6fVwReuEgZfLfdx82Px0LJck3lST3EB/JfbdsdOzzzg5YkY1dfuqf8y5fUeZ7Cz\nWXbTjujwX/TovmeWKA36VLCz75azW6tDNuDn66FOpADZZ9omVaF6BqNJiLMVl6P3\n/c0OiUMC6Z5OfKcCAwEAAaOCAVowggFWMBIGA1UdEwEB/wQIMAYBAf8CAQAwDgYD\nVR0PAQH/BAQDAgGGMB0GA1UdJQQWMBQGCCsGAQUFBwMBBggrBgEFBQcDAjAdBgNV\nHQ4EFgQUVdkYX9IczAHhWLS+q9lVQgHXLgIwHwYDVR0jBBgwFoAUhBjMhTTsvAyU\nlC4IWZzHshBOCggwewYIKwYBBQUHAQEEbzBtMC8GCCsGAQUFBzABhiNodHRwOi8v\nb2NzcC5yb290Y2ExLmFtYXpvbnRydXN0LmNvbTA6BggrBgEFBQcwAoYuaHR0cDov\nL2NydC5yb290Y2ExLmFtYXpvbnRydXN0LmNvbS9yb290Y2ExLmNlcjA/BgNVHR8E\nODA2MDSgMqAwhi5odHRwOi8vY3JsLnJvb3RjYTEuYW1hem9udHJ1c3QuY29tL3Jv\nb3RjYTEuY3JsMBMGA1UdIAQMMAowCAYGZ4EMAQIBMA0GCSqGSIb3DQEBCwUAA4IB\nAQAGjeWm2cC+3z2MzSCnte46/7JZvj3iQZDY7EvODNdZF41n71Lrk9kbfNwerK0d\nVNzW36Wefr7j7ZSwBVg50W5ay65jNSN74TTQV1yt4WnSbVvN6KlMs1hiyOZdoHKs\nKDV2UGNxbdoBYCQNa2GYF8FQIWLugNp35aSOpMy6cFlymFQomIrnOQHwK1nvVY4q\nxDSJMU/gNJz17D8ArPN3ngnyZ2TwepJ0uBINz3G5te2rdFUF4i4Y3Bb7FUlHDYm4\nu8aIRGpk2ZpfXmxaoxnbIBZRvGLPSUuPwnwoUOMsJ8jirI5vs2dvchPb7MtI1rle\ni02f2ivH2vxkjDLltSpe2fiC\n-----END CERTIFICATE-----\n",
                "is_ca": true,
                "issuer": "CN=Amazon Root CA 1,O=Amazon,C=US",
                "not_after": "2030-08-23T22:26:04Z",
                "not_before": "2022-08-23T22:26:04Z",
                "public_key_algorithm": "RSA",
                "serial_number": "166129356476704345391986644047206454194698629",
                "sha1_fingerprint": "d9fe0a65fa00cabf61f5120d373a8135e1461f15",
                "signature_algorithm": "SHA256-RSA",
                "subject": "CN=Amazon RSA 2048 M03,O=Amazon,C=US",
                "version": 3
              },
              {
                "cert_pem": "-----BEGIN CERTIFICATE-----\nMIIF5jCCBM6gAwIBAgIQDjc2BPfW918zZOrKmpJQCjANBgkqhkiG9w0BAQsFADA8\nMQswCQYDVQQGEwJVUzEPMA0GA1UEChMGQW1hem9uMRwwGgYDVQQDExNBbWF6b24g\nUlNBIDIwNDggTTAzMB4XDTI0MDQwMTAwMDAwMFoXDTI1MDQzMDIzNTk1OVowKDEm\nMCQGA1UEAwwdKi5la3MudXMtd2VzdC0xLmFtYXpvbmF3cy5jb20wggEiMA0GCSqG\nSIb3DQEBAQUAA4IBDwAwggEKAoIBAQC5JLuNYsjGLy+u701QVAXAFzN/f5zDl1R4\np5b2D6Jn++mQEn9Urx2o0GtuwLyYIc2f5HXFE4I6TmNbBQHyvbYVPpUfQxDfHqZF\nYPdY9iqPkMHJPY4pqo8fscmU2EXhn4ZBo7bkT1yzmQO+KNkwUU33KksNynfHtdgr\nR2DHU+E3Dp5CfYd3UaMXP6ZhfnM3aXADRdrmiLq8Ab1ZBSOqcKdc47ap6swx1Y5B\nbF6neS7+WIOKIDTUxTK2oh4wqn8MDKHF+GuywxYvXF7WMH0PBW6OvdLHjAEjHPTa\n9LjheF1Shv40u9l7Igylqmkl5RCb1JtNap8BheI4Rz5DE7kAF6XBAgMBAAGjggL2\nMIIC8jAfBgNVHSMEGDAWgBRV2Rhf0hzMAeFYtL6r2VVCAdcuAjAdBgNVHQ4EFgQU\nzD6ORtpsG7Nc3G0pCbtQ7Ka2fcswKAYDVR0RBCEwH4IdKi5la3MudXMtd2VzdC0x\nLmFtYXpvbmF3cy5jb20wEwYDVR0gBAwwCjAIBgZngQwBAgEwDgYDVR0PAQH/BAQD\nAgWgMB0GA1UdJQQWMBQGCCsGAQUFBwMBBggrBgEFBQcDAjA7BgNVHR8ENDAyMDCg\nLqAshipodHRwOi8vY3JsLnIybTAzLmFtYXpvbnRydXN0LmNvbS9yMm0wMy5jcmww\ndQYIKwYBBQUHAQEEaTBnMC0GCCsGAQUFBzABhiFodHRwOi8vb2NzcC5yMm0wMy5h\nbWF6b250cnVzdC5jb20wNgYIKwYBBQUHMAKGKmh0dHA6Ly9jcnQucjJtMDMuYW1h\nem9udHJ1c3QuY29tL3IybTAzLmNlcjAMBgNVHRMBAf8EAjAAMIIBfgYKKwYBBAHW\neQIEAgSCAW4EggFqAWgAdwDPEVbu1S58r/OHW9lpLpvpGnFnSrAX7KwB0lt3zsw7\nCAAAAY6a6m+TAAAEAwBIMEYCIQDlFSkWxmV6XCXQ50BCzclWnKV4xgYHguRnj57Y\n0dOdEQIhANMeBK+AQRFAgX4cVk/E58i0hYK8XIqiU+p2xq4jkSt0AHUAfVkeEuF4\nKnscYWd8Xv340IdcFKBOlZ65Ay/ZDowuebgAAAGOmupvcAAABAMARjBEAiB6pRUP\nohxWIdmVzGlKesuSSwso/p8uAahlrnwMiOR6OQIgAKBp437MCN0bAEaEu6/H5/8f\nyU60Enrrt579oRZIwvgAdgDm0jFjQHeMwRBBBtdxuc7B0kD2loSG+7qHMh39HjeO\nUAAAAY6a6m9rAAAEAwBHMEUCIHa9xEoZC8PBopG2kVWIV32LVi7YlDkN8mvHJtW3\nW3AMAiEA+jK7fvPUwouCgZv7/ZUqvylhFrf9Na9vaCce+Wnpu/swDQYJKoZIhvcN\nAQELBQADggEBAFKFjEp99EoJXdBtKeU0Y+Yh1S2O+H4Nd6tSaGl7Jufq3iOPnmh5\nIGXhbRNrqZ2I5NQj4gG9NitNY0gzV6pfFPuwNbSWtghRX65iKHPuZe9U8EN+rZQn\nz1I+ffWfi/qtSOeSDLNk7Ykhz6dPWe6wW14aSR2ltbC5dhiaz4sL8sdBRQJ1aTGe\nH7VygKIVxeP3TDVrIAvdWvLEceUEOcR8OOK8qo8mzgDcjHcTGBC6VBbxxvWNqqAU\n1f/eniLNXfzuyh5YrU9WZdm1Nwlv/XU76Dv7FayOfLb2ShJ6Q1MM4pTgBCNDB5AV\nwOsevSppjaaX3b/WPuiZuIFF6h/AnW1WI0w=\n-----END CERTIFICATE-----\n",
                "is_ca": false,
                "issuer": "CN=Amazon RSA 2048 M03,O=Amazon,C=US",
                "not_after": "2025-04-30T23:59:59Z",
                "not_before": "2024-04-01T00:00:00Z",
                "public_key_algorithm": "RSA",
                "serial_number": "18895863911942160719417781040463368202",
                "sha1_fingerprint": "5bdb3c8200e45f02adf7ced98237290b15338d57",
                "signature_algorithm": "SHA256-RSA",
                "subject": "CN=*.eks.us-west-1.amazonaws.com",
                "version": 3
              }
            ],
            "content": null,
            "id": "6869123266832e3ef379611fda867372ab842837",
            "url": "https://oidc.eks.us-west-1.amazonaws.com/id/F41E3245137FEE84DF3BA271FECAD829",
            "verify_chain": true
          },
          "sensitive_attributes": []
        }
      ]
    },
    {
      "module": "module.eks.module.eks",
      "mode": "managed",
      "type": "aws_cloudwatch_log_group",
      "name": "this",
      "provider": "provider[\"registry.terraform.io/hashicorp/aws\"]",
      "instances": [
        {
          "index_key": 0,
          "schema_version": 0,
          "attributes": {
            "arn": "arn:aws:logs:us-west-1:833371734412:log-group:/aws/eks/desafio-cluster/cluster",
            "id": "/aws/eks/desafio-cluster/cluster",
            "kms_key_id": "",
            "log_group_class": "STANDARD",
            "name": "/aws/eks/desafio-cluster/cluster",
            "name_prefix": "",
            "retention_in_days": 90,
            "skip_destroy": false,
            "tags": {
              "Example": "desafio-cluster",
              "Name": "/aws/eks/desafio-cluster/cluster"
            },
            "tags_all": {
              "Example": "desafio-cluster",
              "Name": "/aws/eks/desafio-cluster/cluster"
            }
          },
          "sensitive_attributes": [],
          "private": "bnVsbA=="
        }
      ]
    },
    {
      "module": "module.eks.module.eks",
      "mode": "managed",
      "type": "aws_ec2_tag",
      "name": "cluster_primary_security_group",
      "provider": "provider[\"registry.terraform.io/hashicorp/aws\"]",
      "instances": [
        {
          "index_key": "Example",
          "schema_version": 0,
          "attributes": {
            "id": "sg-0f6ddecf9ac19ee6c,Example",
            "key": "Example",
            "resource_id": "sg-0f6ddecf9ac19ee6c",
            "value": "desafio-cluster"
          },
          "sensitive_attributes": [],
          "private": "bnVsbA==",
          "dependencies": [
            "module.eks.module.eks.aws_cloudwatch_log_group.this",
            "module.eks.module.eks.aws_eks_cluster.this",
            "module.eks.module.eks.aws_iam_policy.cni_ipv6_policy",
            "module.eks.module.eks.aws_iam_role.this",
            "module.eks.module.eks.aws_iam_role_policy_attachment.this",
            "module.eks.module.eks.aws_security_group.cluster",
            "module.eks.module.eks.aws_security_group.node",
            "module.eks.module.eks.aws_security_group_rule.cluster",
            "module.eks.module.eks.aws_security_group_rule.node",
            "module.eks.module.eks.data.aws_caller_identity.current",
            "module.eks.module.eks.data.aws_iam_policy_document.assume_role_policy",
            "module.eks.module.eks.data.aws_iam_policy_document.cni_ipv6_policy",
            "module.eks.module.eks.data.aws_iam_session_context.current",
            "module.eks.module.eks.data.aws_partition.current",
            "module.eks.module.eks.module.kms.aws_kms_external_key.this",
            "module.eks.module.eks.module.kms.aws_kms_key.this",
            "module.eks.module.eks.module.kms.aws_kms_replica_external_key.this",
            "module.eks.module.eks.module.kms.aws_kms_replica_key.this",
            "module.eks.module.eks.module.kms.data.aws_caller_identity.current",
            "module.eks.module.eks.module.kms.data.aws_iam_policy_document.this",
            "module.eks.module.eks.module.kms.data.aws_partition.current",
            "module.vpc.aws_subnet.private",
            "module.vpc.aws_vpc.this",
            "module.vpc.aws_vpc_ipv4_cidr_block_association.this"
          ]
        }
      ]
    },
    {
      "module": "module.eks.module.eks",
      "mode": "managed",
      "type": "aws_eks_addon",
      "name": "this",
      "provider": "provider[\"registry.terraform.io/hashicorp/aws\"]",
      "instances": [
        {
          "index_key": "kube-proxy",
          "schema_version": 0,
          "attributes": {
            "addon_name": "kube-proxy",
            "addon_version": "v1.30.3-eksbuild.2",
            "arn": "arn:aws:eks:us-west-1:833371734412:addon/desafio-cluster/kube-proxy/c6c8cd18-d973-e48c-bb6a-94a6ff8e29d2",
            "cluster_name": "desafio-cluster",
            "configuration_values": "",
            "created_at": "2024-08-28T18:13:54Z",
            "id": "desafio-cluster:kube-proxy",
            "modified_at": "2024-08-28T18:14:01Z",
            "preserve": true,
            "resolve_conflicts": null,
            "resolve_conflicts_on_create": "OVERWRITE",
            "resolve_conflicts_on_update": "OVERWRITE",
            "service_account_role_arn": "",
            "tags": {
              "Example": "desafio-cluster"
            },
            "tags_all": {
              "Example": "desafio-cluster"
            },
            "timeouts": {
              "create": null,
              "delete": null,
              "update": null
            }
          },
          "sensitive_attributes": [],
          "private": "eyJlMmJmYjczMC1lY2FhLTExZTYtOGY4OC0zNDM2M2JjN2M0YzAiOnsiY3JlYXRlIjoxMjAwMDAwMDAwMDAwLCJkZWxldGUiOjI0MDAwMDAwMDAwMDAsInVwZGF0ZSI6MTIwMDAwMDAwMDAwMH19",
          "dependencies": [
            "module.eks.module.eks.aws_cloudwatch_log_group.this",
            "module.eks.module.eks.aws_eks_cluster.this",
            "module.eks.module.eks.aws_iam_policy.cni_ipv6_policy",
            "module.eks.module.eks.aws_iam_role.this",
            "module.eks.module.eks.aws_iam_role_policy_attachment.this",
            "module.eks.module.eks.aws_security_group.cluster",
            "module.eks.module.eks.aws_security_group.node",
            "module.eks.module.eks.aws_security_group_rule.cluster",
            "module.eks.module.eks.aws_security_group_rule.node",
            "module.eks.module.eks.data.aws_caller_identity.current",
            "module.eks.module.eks.data.aws_eks_addon_version.this",
            "module.eks.module.eks.data.aws_iam_policy_document.assume_role_policy",
            "module.eks.module.eks.data.aws_iam_policy_document.cni_ipv6_policy",
            "module.eks.module.eks.data.aws_iam_session_context.current",
            "module.eks.module.eks.data.aws_partition.current",
            "module.eks.module.eks.module.eks_managed_node_group.aws_autoscaling_schedule.this",
            "module.eks.module.eks.module.eks_managed_node_group.aws_eks_node_group.this",
            "module.eks.module.eks.module.eks_managed_node_group.aws_iam_role.this",
            "module.eks.module.eks.module.eks_managed_node_group.aws_iam_role_policy.this",
            "module.eks.module.eks.module.eks_managed_node_group.aws_iam_role_policy_attachment.additional",
            "module.eks.module.eks.module.eks_managed_node_group.aws_iam_role_policy_attachment.this",
            "module.eks.module.eks.module.eks_managed_node_group.aws_launch_template.this",
            "module.eks.module.eks.module.eks_managed_node_group.aws_placement_group.this",
            "module.eks.module.eks.module.eks_managed_node_group.data.aws_caller_identity.current",
            "module.eks.module.eks.module.eks_managed_node_group.data.aws_ec2_instance_type.this",
            "module.eks.module.eks.module.eks_managed_node_group.data.aws_ec2_instance_type_offerings.this",
            "module.eks.module.eks.module.eks_managed_node_group.data.aws_iam_policy_document.assume_role_policy",
            "module.eks.module.eks.module.eks_managed_node_group.data.aws_iam_policy_document.role",
            "module.eks.module.eks.module.eks_managed_node_group.data.aws_partition.current",
            "module.eks.module.eks.module.eks_managed_node_group.data.aws_ssm_parameter.ami",
            "module.eks.module.eks.module.eks_managed_node_group.data.aws_subnets.placement_group",
            "module.eks.module.eks.module.eks_managed_node_group.module.user_data.data.cloudinit_config.al2023_eks_managed_node_group",
            "module.eks.module.eks.module.eks_managed_node_group.module.user_data.data.cloudinit_config.linux_eks_managed_node_group",
            "module.eks.module.eks.module.eks_managed_node_group.module.user_data.null_resource.validate_cluster_service_cidr",
            "module.eks.module.eks.module.fargate_profile.aws_eks_fargate_profile.this",
            "module.eks.module.eks.module.fargate_profile.aws_iam_role.this",
            "module.eks.module.eks.module.fargate_profile.aws_iam_role_policy.this",
            "module.eks.module.eks.module.fargate_profile.aws_iam_role_policy_attachment.additional",
            "module.eks.module.eks.module.fargate_profile.aws_iam_role_policy_attachment.this",
            "module.eks.module.eks.module.fargate_profile.data.aws_caller_identity.current",
            "module.eks.module.eks.module.fargate_profile.data.aws_iam_policy_document.assume_role_policy",
            "module.eks.module.eks.module.fargate_profile.data.aws_iam_policy_document.role",
            "module.eks.module.eks.module.fargate_profile.data.aws_partition.current",
            "module.eks.module.eks.module.fargate_profile.data.aws_region.current",
            "module.eks.module.eks.module.kms.aws_kms_external_key.this",
            "module.eks.module.eks.module.kms.aws_kms_key.this",
            "module.eks.module.eks.module.kms.aws_kms_replica_external_key.this",
            "module.eks.module.eks.module.kms.aws_kms_replica_key.this",
            "module.eks.module.eks.module.kms.data.aws_caller_identity.current",
            "module.eks.module.eks.module.kms.data.aws_iam_policy_document.this",
            "module.eks.module.eks.module.kms.data.aws_partition.current",
            "module.eks.module.eks.module.self_managed_node_group.aws_autoscaling_group.this",
            "module.eks.module.eks.module.self_managed_node_group.aws_autoscaling_schedule.this",
            "module.eks.module.eks.module.self_managed_node_group.aws_eks_access_entry.this",
            "module.eks.module.eks.module.self_managed_node_group.aws_iam_instance_profile.this",
            "module.eks.module.eks.module.self_managed_node_group.aws_iam_role.this",
            "module.eks.module.eks.module.self_managed_node_group.aws_iam_role_policy.this",
            "module.eks.module.eks.module.self_managed_node_group.aws_iam_role_policy_attachment.additional",
            "module.eks.module.eks.module.self_managed_node_group.aws_iam_role_policy_attachment.this",
            "module.eks.module.eks.module.self_managed_node_group.aws_launch_template.this",
            "module.eks.module.eks.module.self_managed_node_group.aws_placement_group.this",
            "module.eks.module.eks.module.self_managed_node_group.data.aws_caller_identity.current",
            "module.eks.module.eks.module.self_managed_node_group.data.aws_ec2_instance_type.this",
            "module.eks.module.eks.module.self_managed_node_group.data.aws_ec2_instance_type_offerings.this",
            "module.eks.module.eks.module.self_managed_node_group.data.aws_iam_policy_document.assume_role_policy",
            "module.eks.module.eks.module.self_managed_node_group.data.aws_iam_policy_document.role",
            "module.eks.module.eks.module.self_managed_node_group.data.aws_partition.current",
            "module.eks.module.eks.module.self_managed_node_group.data.aws_ssm_parameter.ami",
            "module.eks.module.eks.module.self_managed_node_group.data.aws_subnets.placement_group",
            "module.eks.module.eks.module.self_managed_node_group.module.user_data.data.cloudinit_config.al2023_eks_managed_node_group",
            "module.eks.module.eks.module.self_managed_node_group.module.user_data.data.cloudinit_config.linux_eks_managed_node_group",
            "module.eks.module.eks.module.self_managed_node_group.module.user_data.null_resource.validate_cluster_service_cidr",
            "module.eks.module.eks.time_sleep.this",
            "module.vpc.aws_subnet.private",
            "module.vpc.aws_vpc.this",
            "module.vpc.aws_vpc_ipv4_cidr_block_association.this"
          ]
        },
        {
          "index_key": "vpc-cni",
          "schema_version": 0,
          "attributes": {
            "addon_name": "vpc-cni",
            "addon_version": "v1.18.3-eksbuild.2",
            "arn": "arn:aws:eks:us-west-1:833371734412:addon/desafio-cluster/vpc-cni/8ec8cd18-d975-621a-1c83-43a56eb371a7",
            "cluster_name": "desafio-cluster",
            "configuration_values": "",
            "created_at": "2024-08-28T18:13:54Z",
            "id": "desafio-cluster:vpc-cni",
            "modified_at": "2024-08-28T18:14:02Z",
            "preserve": true,
            "resolve_conflicts": null,
            "resolve_conflicts_on_create": "OVERWRITE",
            "resolve_conflicts_on_update": "OVERWRITE",
            "service_account_role_arn": "",
            "tags": {
              "Example": "desafio-cluster"
            },
            "tags_all": {
              "Example": "desafio-cluster"
            },
            "timeouts": {
              "create": null,
              "delete": null,
              "update": null
            }
          },
          "sensitive_attributes": [],
          "private": "eyJlMmJmYjczMC1lY2FhLTExZTYtOGY4OC0zNDM2M2JjN2M0YzAiOnsiY3JlYXRlIjoxMjAwMDAwMDAwMDAwLCJkZWxldGUiOjI0MDAwMDAwMDAwMDAsInVwZGF0ZSI6MTIwMDAwMDAwMDAwMH19",
          "dependencies": [
            "module.eks.module.eks.aws_cloudwatch_log_group.this",
            "module.eks.module.eks.aws_eks_cluster.this",
            "module.eks.module.eks.aws_iam_policy.cni_ipv6_policy",
            "module.eks.module.eks.aws_iam_role.this",
            "module.eks.module.eks.aws_iam_role_policy_attachment.this",
            "module.eks.module.eks.aws_security_group.cluster",
            "module.eks.module.eks.aws_security_group.node",
            "module.eks.module.eks.aws_security_group_rule.cluster",
            "module.eks.module.eks.aws_security_group_rule.node",
            "module.eks.module.eks.data.aws_caller_identity.current",
            "module.eks.module.eks.data.aws_eks_addon_version.this",
            "module.eks.module.eks.data.aws_iam_policy_document.assume_role_policy",
            "module.eks.module.eks.data.aws_iam_policy_document.cni_ipv6_policy",
            "module.eks.module.eks.data.aws_iam_session_context.current",
            "module.eks.module.eks.data.aws_partition.current",
            "module.eks.module.eks.module.eks_managed_node_group.aws_autoscaling_schedule.this",
            "module.eks.module.eks.module.eks_managed_node_group.aws_eks_node_group.this",
            "module.eks.module.eks.module.eks_managed_node_group.aws_iam_role.this",
            "module.eks.module.eks.module.eks_managed_node_group.aws_iam_role_policy.this",
            "module.eks.module.eks.module.eks_managed_node_group.aws_iam_role_policy_attachment.additional",
            "module.eks.module.eks.module.eks_managed_node_group.aws_iam_role_policy_attachment.this",
            "module.eks.module.eks.module.eks_managed_node_group.aws_launch_template.this",
            "module.eks.module.eks.module.eks_managed_node_group.aws_placement_group.this",
            "module.eks.module.eks.module.eks_managed_node_group.data.aws_caller_identity.current",
            "module.eks.module.eks.module.eks_managed_node_group.data.aws_ec2_instance_type.this",
            "module.eks.module.eks.module.eks_managed_node_group.data.aws_ec2_instance_type_offerings.this",
            "module.eks.module.eks.module.eks_managed_node_group.data.aws_iam_policy_document.assume_role_policy",
            "module.eks.module.eks.module.eks_managed_node_group.data.aws_iam_policy_document.role",
            "module.eks.module.eks.module.eks_managed_node_group.data.aws_partition.current",
            "module.eks.module.eks.module.eks_managed_node_group.data.aws_ssm_parameter.ami",
            "module.eks.module.eks.module.eks_managed_node_group.data.aws_subnets.placement_group",
            "module.eks.module.eks.module.eks_managed_node_group.module.user_data.data.cloudinit_config.al2023_eks_managed_node_group",
            "module.eks.module.eks.module.eks_managed_node_group.module.user_data.data.cloudinit_config.linux_eks_managed_node_group",
            "module.eks.module.eks.module.eks_managed_node_group.module.user_data.null_resource.validate_cluster_service_cidr",
            "module.eks.module.eks.module.fargate_profile.aws_eks_fargate_profile.this",
            "module.eks.module.eks.module.fargate_profile.aws_iam_role.this",
            "module.eks.module.eks.module.fargate_profile.aws_iam_role_policy.this",
            "module.eks.module.eks.module.fargate_profile.aws_iam_role_policy_attachment.additional",
            "module.eks.module.eks.module.fargate_profile.aws_iam_role_policy_attachment.this",
            "module.eks.module.eks.module.fargate_profile.data.aws_caller_identity.current",
            "module.eks.module.eks.module.fargate_profile.data.aws_iam_policy_document.assume_role_policy",
            "module.eks.module.eks.module.fargate_profile.data.aws_iam_policy_document.role",
            "module.eks.module.eks.module.fargate_profile.data.aws_partition.current",
            "module.eks.module.eks.module.fargate_profile.data.aws_region.current",
            "module.eks.module.eks.module.kms.aws_kms_external_key.this",
            "module.eks.module.eks.module.kms.aws_kms_key.this",
            "module.eks.module.eks.module.kms.aws_kms_replica_external_key.this",
            "module.eks.module.eks.module.kms.aws_kms_replica_key.this",
            "module.eks.module.eks.module.kms.data.aws_caller_identity.current",
            "module.eks.module.eks.module.kms.data.aws_iam_policy_document.this",
            "module.eks.module.eks.module.kms.data.aws_partition.current",
            "module.eks.module.eks.module.self_managed_node_group.aws_autoscaling_group.this",
            "module.eks.module.eks.module.self_managed_node_group.aws_autoscaling_schedule.this",
            "module.eks.module.eks.module.self_managed_node_group.aws_eks_access_entry.this",
            "module.eks.module.eks.module.self_managed_node_group.aws_iam_instance_profile.this",
            "module.eks.module.eks.module.self_managed_node_group.aws_iam_role.this",
            "module.eks.module.eks.module.self_managed_node_group.aws_iam_role_policy.this",
            "module.eks.module.eks.module.self_managed_node_group.aws_iam_role_policy_attachment.additional",
            "module.eks.module.eks.module.self_managed_node_group.aws_iam_role_policy_attachment.this",
            "module.eks.module.eks.module.self_managed_node_group.aws_launch_template.this",
            "module.eks.module.eks.module.self_managed_node_group.aws_placement_group.this",
            "module.eks.module.eks.module.self_managed_node_group.data.aws_caller_identity.current",
            "module.eks.module.eks.module.self_managed_node_group.data.aws_ec2_instance_type.this",
            "module.eks.module.eks.module.self_managed_node_group.data.aws_ec2_instance_type_offerings.this",
            "module.eks.module.eks.module.self_managed_node_group.data.aws_iam_policy_document.assume_role_policy",
            "module.eks.module.eks.module.self_managed_node_group.data.aws_iam_policy_document.role",
            "module.eks.module.eks.module.self_managed_node_group.data.aws_partition.current",
            "module.eks.module.eks.module.self_managed_node_group.data.aws_ssm_parameter.ami",
            "module.eks.module.eks.module.self_managed_node_group.data.aws_subnets.placement_group",
            "module.eks.module.eks.module.self_managed_node_group.module.user_data.data.cloudinit_config.al2023_eks_managed_node_group",
            "module.eks.module.eks.module.self_managed_node_group.module.user_data.data.cloudinit_config.linux_eks_managed_node_group",
            "module.eks.module.eks.module.self_managed_node_group.module.user_data.null_resource.validate_cluster_service_cidr",
            "module.eks.module.eks.time_sleep.this",
            "module.vpc.aws_subnet.private",
            "module.vpc.aws_vpc.this",
            "module.vpc.aws_vpc_ipv4_cidr_block_association.this"
          ]
        }
      ]
    },
    {
      "module": "module.eks.module.eks",
      "mode": "managed",
      "type": "aws_eks_cluster",
      "name": "this",
      "provider": "provider[\"registry.terraform.io/hashicorp/aws\"]",
      "instances": [
        {
          "index_key": 0,
          "schema_version": 1,
          "attributes": {
            "access_config": [
              {
                "authentication_mode": "API_AND_CONFIG_MAP",
                "bootstrap_cluster_creator_admin_permissions": false
              }
            ],
            "arn": "arn:aws:eks:us-west-1:833371734412:cluster/desafio-cluster",
            "bootstrap_self_managed_addons": true,
            "certificate_authority": [
              {
                "data": "LS0tLS1CRUdJTiBDRVJUSUZJQ0FURS0tLS0tCk1JSURCVENDQWUyZ0F3SUJBZ0lJV1dRUndmdjRaNll3RFFZSktvWklodmNOQVFFTEJRQXdGVEVUTUJFR0ExVUUKQXhNS2EzVmlaWEp1WlhSbGN6QWVGdzB5TkRBNE1qZ3hPREEwTkRkYUZ3MHpOREE0TWpZeE9EQTVORGRhTUJVeApFekFSQmdOVkJBTVRDbXQxWW1WeWJtVjBaWE13Z2dFaU1BMEdDU3FHU0liM0RRRUJBUVVBQTRJQkR3QXdnZ0VLCkFvSUJBUURadENpVkEzR3N5ZndUL1RSbThDSUFoM3JITUtTOGhIM3RZTE04dnBVamdzZk55dWdsbmM1Nmk1R04KOFh6cmJIYmVvL3FGSjg4UDZFbjlTVEdxSzB2RGhIeUc3T2NRVmsvNWxicGU1WE1wazFHbW1hUGZZWUdhRVFwLwpia2J1Z2w2b1pJUm0yVzlMRnBuTGw2UU9iYUdDQ01XNkk4WDhtYm1LdFh1aEhkUFg1U3U3TjYzQVVhZTVVRzVxCnJHRkpHSGFDbk9rZDlJMkZ6YlZ1UEFKekdiWDFyUDk5U2tmbmYvTG1rZGVOU3dwMXh6S2dUaFUwT2RCdVZZNjMKazZQdnZYczRjYTVvUElqdVVoOXd2dzdnVXB5WmhBMXpYZXhMYzBLNTh0OUxFYzFzajZhTDgrZUlSRDZKbzE1OApFREEwcmRGSnR2c2J2aWJGaGRpYkFkZGdhOG5KQWdNQkFBR2pXVEJYTUE0R0ExVWREd0VCL3dRRUF3SUNwREFQCkJnTlZIUk1CQWY4RUJUQURBUUgvTUIwR0ExVWREZ1FXQkJUb2o0d3BJWGQ3VW1EVmdMR1VpVU5oTk5NNWdqQVYKQmdOVkhSRUVEakFNZ2dwcmRXSmxjbTVsZEdWek1BMEdDU3FHU0liM0RRRUJDd1VBQTRJQkFRQXlBTjdBVmp6agppanhuRmxsNkw4d2hybXRMNDN6ak1EVlNMZng4Z2NTRlNINC9jK2szQ3l2bVBBSWxWM3lmVGxFVWR1OHlvdTVsClY3dDZPY2NWZW04YXBjbmVHY3V6R2VwS0Q5ZFk4NE44SG9ZaUFaUVBqcjZSVU1JQ1pNb1JyT1N5YkZ2ZkhnZ0MKeWI4cGZBZEZSRHJ3THQyTStWRmRKYTFWYWp0WUV3T3JmTFFCbGFxa1IvUlFDdFdEWnlMYXJXdWl3OHRxNmZ1UwpkMDJtcWhrMEt1bVNiMmd0UHp2NmZJTUlIRExzRTJlQTlIYTRQR0VPZ014RHhmWUdSV0VKVVFJbDlFWVdvQzdKCkJCLy9wcWRhbnMrNEdjNjdtbzRrQm94MlFkeHQ4V2RpTUV3cExCVnhUdTV1NXk2bjBGWllyUlB1SmVkenRNc2QKZm4zSlh1T0JVZE5ICi0tLS0tRU5EIENFUlRJRklDQVRFLS0tLS0K"
              }
            ],
            "cluster_id": null,
            "created_at": "2024-08-28 18:05:22.402 +0000 UTC",
            "enabled_cluster_log_types": [
              "api",
              "audit",
              "authenticator"
            ],
            "encryption_config": [
              {
                "provider": [
                  {
                    "key_arn": "arn:aws:kms:us-west-1:833371734412:key/b206bb39-69e1-422d-8e4f-e0c193a415bd"
                  }
                ],
                "resources": [
                  "secrets"
                ]
              }
            ],
            "endpoint": "https://F41E3245137FEE84DF3BA271FECAD829.sk1.us-west-1.eks.amazonaws.com",
            "id": "desafio-cluster",
            "identity": [
              {
                "oidc": [
                  {
                    "issuer": "https://oidc.eks.us-west-1.amazonaws.com/id/F41E3245137FEE84DF3BA271FECAD829"
                  }
                ]
              }
            ],
            "kubernetes_network_config": [
              {
                "ip_family": "ipv4",
                "service_ipv4_cidr": "172.20.0.0/16",
                "service_ipv6_cidr": ""
              }
            ],
            "name": "desafio-cluster",
            "outpost_config": [],
            "platform_version": "eks.6",
            "role_arn": "arn:aws:iam::833371734412:role/desafio-cluster-cluster-20240828180448214000000002",
            "status": "ACTIVE",
            "tags": {
              "Example": "desafio-cluster",
              "terraform-aws-modules": "eks"
            },
            "tags_all": {
              "Example": "desafio-cluster",
              "terraform-aws-modules": "eks"
            },
            "timeouts": {
              "create": null,
              "delete": null,
              "update": null
            },
            "upgrade_policy": [
              {
                "support_type": "EXTENDED"
              }
            ],
            "version": "1.30",
            "vpc_config": [
              {
                "cluster_security_group_id": "sg-0f6ddecf9ac19ee6c",
                "endpoint_private_access": true,
                "endpoint_public_access": true,
                "public_access_cidrs": [
                  "0.0.0.0/0"
                ],
                "security_group_ids": [
                  "sg-0a19b1a8c74efa032"
                ],
                "subnet_ids": [
                  "subnet-00108161fc2f6e03e",
                  "subnet-0f5d06e99c37f10d0"
                ],
                "vpc_id": "vpc-0b648cef8e82add73"
              }
            ]
          },
          "sensitive_attributes": [],
          "private": "eyJlMmJmYjczMC1lY2FhLTExZTYtOGY4OC0zNDM2M2JjN2M0YzAiOnsiY3JlYXRlIjoxODAwMDAwMDAwMDAwLCJkZWxldGUiOjkwMDAwMDAwMDAwMCwidXBkYXRlIjozNjAwMDAwMDAwMDAwfSwic2NoZW1hX3ZlcnNpb24iOiIxIn0=",
          "dependencies": [
            "module.eks.module.eks.aws_cloudwatch_log_group.this",
            "module.eks.module.eks.aws_iam_policy.cni_ipv6_policy",
            "module.eks.module.eks.aws_iam_role.this",
            "module.eks.module.eks.aws_iam_role_policy_attachment.this",
            "module.eks.module.eks.aws_security_group.cluster",
            "module.eks.module.eks.aws_security_group.node",
            "module.eks.module.eks.aws_security_group_rule.cluster",
            "module.eks.module.eks.aws_security_group_rule.node",
            "module.eks.module.eks.data.aws_caller_identity.current",
            "module.eks.module.eks.data.aws_iam_policy_document.assume_role_policy",
            "module.eks.module.eks.data.aws_iam_policy_document.cni_ipv6_policy",
            "module.eks.module.eks.data.aws_iam_session_context.current",
            "module.eks.module.eks.data.aws_partition.current",
            "module.eks.module.eks.module.kms.aws_kms_external_key.this",
            "module.eks.module.eks.module.kms.aws_kms_key.this",
            "module.eks.module.eks.module.kms.aws_kms_replica_external_key.this",
            "module.eks.module.eks.module.kms.aws_kms_replica_key.this",
            "module.eks.module.eks.module.kms.data.aws_caller_identity.current",
            "module.eks.module.eks.module.kms.data.aws_iam_policy_document.this",
            "module.eks.module.eks.module.kms.data.aws_partition.current",
            "module.vpc.aws_subnet.private",
            "module.vpc.aws_vpc.this",
            "module.vpc.aws_vpc_ipv4_cidr_block_association.this"
          ]
        }
      ]
    },
    {
      "module": "module.eks.module.eks",
      "mode": "managed",
      "type": "aws_iam_openid_connect_provider",
      "name": "oidc_provider",
      "provider": "provider[\"registry.terraform.io/hashicorp/aws\"]",
      "instances": [
        {
          "index_key": 0,
          "schema_version": 0,
          "attributes": {
            "arn": "arn:aws:iam::833371734412:oidc-provider/oidc.eks.us-west-1.amazonaws.com/id/F41E3245137FEE84DF3BA271FECAD829",
            "client_id_list": [
              "sts.amazonaws.com"
            ],
            "id": "arn:aws:iam::833371734412:oidc-provider/oidc.eks.us-west-1.amazonaws.com/id/F41E3245137FEE84DF3BA271FECAD829",
            "tags": {
              "Example": "desafio-cluster",
              "Name": "desafio-cluster-eks-irsa"
            },
            "tags_all": {
              "Example": "desafio-cluster",
              "Name": "desafio-cluster-eks-irsa"
            },
            "thumbprint_list": [
              "9e99a48a9960b14926bb7f3b02e22da2b0ab7280"
            ],
            "url": "oidc.eks.us-west-1.amazonaws.com/id/F41E3245137FEE84DF3BA271FECAD829"
          },
          "sensitive_attributes": [],
          "private": "bnVsbA==",
          "dependencies": [
            "module.eks.module.eks.aws_cloudwatch_log_group.this",
            "module.eks.module.eks.aws_eks_cluster.this",
            "module.eks.module.eks.aws_iam_policy.cni_ipv6_policy",
            "module.eks.module.eks.aws_iam_role.this",
            "module.eks.module.eks.aws_iam_role_policy_attachment.this",
            "module.eks.module.eks.aws_security_group.cluster",
            "module.eks.module.eks.aws_security_group.node",
            "module.eks.module.eks.aws_security_group_rule.cluster",
            "module.eks.module.eks.aws_security_group_rule.node",
            "module.eks.module.eks.data.aws_caller_identity.current",
            "module.eks.module.eks.data.aws_iam_policy_document.assume_role_policy",
            "module.eks.module.eks.data.aws_iam_policy_document.cni_ipv6_policy",
            "module.eks.module.eks.data.aws_iam_session_context.current",
            "module.eks.module.eks.data.aws_partition.current",
            "module.eks.module.eks.data.tls_certificate.this",
            "module.eks.module.eks.module.kms.aws_kms_external_key.this",
            "module.eks.module.eks.module.kms.aws_kms_key.this",
            "module.eks.module.eks.module.kms.aws_kms_replica_external_key.this",
            "module.eks.module.eks.module.kms.aws_kms_replica_key.this",
            "module.eks.module.eks.module.kms.data.aws_caller_identity.current",
            "module.eks.module.eks.module.kms.data.aws_iam_policy_document.this",
            "module.eks.module.eks.module.kms.data.aws_partition.current",
            "module.vpc.aws_subnet.private",
            "module.vpc.aws_vpc.this",
            "module.vpc.aws_vpc_ipv4_cidr_block_association.this"
          ]
        }
      ]
    },
    {
      "module": "module.eks.module.eks",
      "mode": "managed",
      "type": "aws_iam_policy",
      "name": "cluster_encryption",
      "provider": "provider[\"registry.terraform.io/hashicorp/aws\"]",
      "instances": [
        {
          "index_key": 0,
          "schema_version": 0,
          "attributes": {
            "arn": "arn:aws:iam::833371734412:policy/desafio-cluster-cluster-ClusterEncryption20240828180515800400000010",
            "attachment_count": 0,
            "description": "Cluster encryption policy to allow cluster role to utilize CMK provided",
            "id": "arn:aws:iam::833371734412:policy/desafio-cluster-cluster-ClusterEncryption20240828180515800400000010",
            "name": "desafio-cluster-cluster-ClusterEncryption20240828180515800400000010",
            "name_prefix": "desafio-cluster-cluster-ClusterEncryption",
            "path": "/",
            "policy": "{\"Statement\":[{\"Action\":[\"kms:Encrypt\",\"kms:Decrypt\",\"kms:ListGrants\",\"kms:DescribeKey\"],\"Effect\":\"Allow\",\"Resource\":\"arn:aws:kms:us-west-1:833371734412:key/b206bb39-69e1-422d-8e4f-e0c193a415bd\"}],\"Version\":\"2012-10-17\"}",
            "policy_id": "ANPA4ECGTQGGN7IXZQ45W",
            "tags": {
              "Example": "desafio-cluster"
            },
            "tags_all": {
              "Example": "desafio-cluster"
            }
          },
          "sensitive_attributes": [],
          "private": "bnVsbA==",
          "dependencies": [
            "module.eks.module.eks.aws_iam_role.this",
            "module.eks.module.eks.data.aws_caller_identity.current",
            "module.eks.module.eks.data.aws_iam_policy_document.assume_role_policy",
            "module.eks.module.eks.data.aws_iam_session_context.current",
            "module.eks.module.eks.module.kms.aws_kms_external_key.this",
            "module.eks.module.eks.module.kms.aws_kms_key.this",
            "module.eks.module.eks.module.kms.aws_kms_replica_external_key.this",
            "module.eks.module.eks.module.kms.aws_kms_replica_key.this",
            "module.eks.module.eks.module.kms.data.aws_caller_identity.current",
            "module.eks.module.eks.module.kms.data.aws_iam_policy_document.this",
            "module.eks.module.eks.module.kms.data.aws_partition.current"
          ]
        }
      ]
    },
    {
      "module": "module.eks.module.eks",
      "mode": "managed",
      "type": "aws_iam_policy",
      "name": "cni_ipv6_policy",
      "provider": "provider[\"registry.terraform.io/hashicorp/aws\"]",
      "instances": []
    },
    {
      "module": "module.eks.module.eks",
      "mode": "managed",
      "type": "aws_iam_role",
      "name": "this",
      "provider": "provider[\"registry.terraform.io/hashicorp/aws\"]",
      "instances": [
        {
          "index_key": 0,
          "schema_version": 0,
          "attributes": {
            "arn": "arn:aws:iam::833371734412:role/desafio-cluster-cluster-20240828180448214000000002",
            "assume_role_policy": "{\"Statement\":[{\"Action\":\"sts:AssumeRole\",\"Effect\":\"Allow\",\"Principal\":{\"Service\":\"eks.amazonaws.com\"},\"Sid\":\"EKSClusterAssumeRole\"}],\"Version\":\"2012-10-17\"}",
            "create_date": "2024-08-28T18:04:50Z",
            "description": "",
            "force_detach_policies": true,
            "id": "desafio-cluster-cluster-20240828180448214000000002",
            "inline_policy": [
              {
                "name": "desafio-cluster-cluster",
                "policy": "{\"Version\":\"2012-10-17\",\"Statement\":[{\"Action\":[\"logs:CreateLogGroup\"],\"Effect\":\"Deny\",\"Resource\":\"*\"}]}"
              }
            ],
            "managed_policy_arns": [],
            "max_session_duration": 3600,
            "name": "desafio-cluster-cluster-20240828180448214000000002",
            "name_prefix": "desafio-cluster-cluster-",
            "path": "/",
            "permissions_boundary": "",
            "tags": {
              "Example": "desafio-cluster"
            },
            "tags_all": {
              "Example": "desafio-cluster"
            },
            "unique_id": "AROA4ECGTQGGPQJRJCSOU"
          },
          "sensitive_attributes": [],
          "private": "bnVsbA==",
          "dependencies": [
            "module.eks.module.eks.data.aws_iam_policy_document.assume_role_policy"
          ]
        }
      ]
    },
    {
      "module": "module.eks.module.eks",
      "mode": "managed",
      "type": "aws_iam_role_policy_attachment",
      "name": "cluster_encryption",
      "provider": "provider[\"registry.terraform.io/hashicorp/aws\"]",
      "instances": [
        {
          "index_key": 0,
          "schema_version": 0,
          "attributes": {
            "id": "desafio-cluster-cluster-20240828180448214000000002-20240828180516670600000011",
            "policy_arn": "arn:aws:iam::833371734412:policy/desafio-cluster-cluster-ClusterEncryption20240828180515800400000010",
            "role": "desafio-cluster-cluster-20240828180448214000000002"
          },
          "sensitive_attributes": [],
          "private": "bnVsbA==",
          "dependencies": [
            "module.eks.module.eks.aws_iam_policy.cluster_encryption",
            "module.eks.module.eks.aws_iam_role.this",
            "module.eks.module.eks.data.aws_caller_identity.current",
            "module.eks.module.eks.data.aws_iam_policy_document.assume_role_policy",
            "module.eks.module.eks.data.aws_iam_session_context.current",
            "module.eks.module.eks.module.kms.aws_kms_external_key.this",
            "module.eks.module.eks.module.kms.aws_kms_key.this",
            "module.eks.module.eks.module.kms.aws_kms_replica_external_key.this",
            "module.eks.module.eks.module.kms.aws_kms_replica_key.this",
            "module.eks.module.eks.module.kms.data.aws_caller_identity.current",
            "module.eks.module.eks.module.kms.data.aws_iam_policy_document.this",
            "module.eks.module.eks.module.kms.data.aws_partition.current"
          ]
        }
      ]
    },
    {
      "module": "module.eks.module.eks",
      "mode": "managed",
      "type": "aws_iam_role_policy_attachment",
      "name": "this",
      "provider": "provider[\"registry.terraform.io/hashicorp/aws\"]",
      "instances": [
        {
          "index_key": "AmazonEKSClusterPolicy",
          "schema_version": 0,
          "attributes": {
            "id": "desafio-cluster-cluster-20240828180448214000000002-20240828180450505400000008",
            "policy_arn": "arn:aws:iam::aws:policy/AmazonEKSClusterPolicy",
            "role": "desafio-cluster-cluster-20240828180448214000000002"
          },
          "sensitive_attributes": [],
          "private": "bnVsbA==",
          "dependencies": [
            "module.eks.module.eks.aws_iam_role.this",
            "module.eks.module.eks.data.aws_iam_policy_document.assume_role_policy",
            "module.eks.module.eks.data.aws_partition.current"
          ]
        },
        {
          "index_key": "AmazonEKSVPCResourceController",
          "schema_version": 0,
          "attributes": {
            "id": "desafio-cluster-cluster-20240828180448214000000002-20240828180450491100000007",
            "policy_arn": "arn:aws:iam::aws:policy/AmazonEKSVPCResourceController",
            "role": "desafio-cluster-cluster-20240828180448214000000002"
          },
          "sensitive_attributes": [],
          "private": "bnVsbA==",
          "dependencies": [
            "module.eks.module.eks.aws_iam_role.this",
            "module.eks.module.eks.data.aws_iam_policy_document.assume_role_policy",
            "module.eks.module.eks.data.aws_partition.current"
          ]
        }
      ]
    },
    {
      "module": "module.eks.module.eks",
      "mode": "managed",
      "type": "aws_security_group",
      "name": "cluster",
      "provider": "provider[\"registry.terraform.io/hashicorp/aws\"]",
      "instances": [
        {
          "index_key": 0,
          "schema_version": 1,
          "attributes": {
            "arn": "arn:aws:ec2:us-west-1:833371734412:security-group/sg-0a19b1a8c74efa032",
            "description": "EKS cluster security group",
            "egress": [],
            "id": "sg-0a19b1a8c74efa032",
            "ingress": [],
            "name": "desafio-cluster-cluster-2024082818050443230000000c",
            "name_prefix": "desafio-cluster-cluster-",
            "owner_id": "833371734412",
            "revoke_rules_on_delete": false,
            "tags": {
              "Example": "desafio-cluster",
              "Name": "desafio-cluster-cluster"
            },
            "tags_all": {
              "Example": "desafio-cluster",
              "Name": "desafio-cluster-cluster"
            },
            "timeouts": null,
            "vpc_id": "vpc-0b648cef8e82add73"
          },
          "sensitive_attributes": [],
          "private": "eyJlMmJmYjczMC1lY2FhLTExZTYtOGY4OC0zNDM2M2JjN2M0YzAiOnsiY3JlYXRlIjo2MDAwMDAwMDAwMDAsImRlbGV0ZSI6OTAwMDAwMDAwMDAwfSwic2NoZW1hX3ZlcnNpb24iOiIxIn0=",
          "dependencies": [
            "module.vpc.aws_vpc.this"
          ],
          "create_before_destroy": true
        }
      ]
    },
    {
      "module": "module.eks.module.eks",
      "mode": "managed",
      "type": "aws_security_group",
      "name": "node",
      "provider": "provider[\"registry.terraform.io/hashicorp/aws\"]",
      "instances": [
        {
          "index_key": 0,
          "schema_version": 1,
          "attributes": {
            "arn": "arn:aws:ec2:us-west-1:833371734412:security-group/sg-0e3384bf29d4e1e09",
            "description": "EKS node shared security group",
            "egress": [],
            "id": "sg-0e3384bf29d4e1e09",
            "ingress": [],
            "name": "desafio-cluster-node-2024082818050513480000000d",
            "name_prefix": "desafio-cluster-node-",
            "owner_id": "833371734412",
            "revoke_rules_on_delete": false,
            "tags": {
              "Example": "desafio-cluster",
              "Name": "desafio-cluster-node",
              "kubernetes.io/cluster/desafio-cluster": "owned"
            },
            "tags_all": {
              "Example": "desafio-cluster",
              "Name": "desafio-cluster-node",
              "kubernetes.io/cluster/desafio-cluster": "owned"
            },
            "timeouts": null,
            "vpc_id": "vpc-0b648cef8e82add73"
          },
          "sensitive_attributes": [],
          "private": "eyJlMmJmYjczMC1lY2FhLTExZTYtOGY4OC0zNDM2M2JjN2M0YzAiOnsiY3JlYXRlIjo2MDAwMDAwMDAwMDAsImRlbGV0ZSI6OTAwMDAwMDAwMDAwfSwic2NoZW1hX3ZlcnNpb24iOiIxIn0=",
          "dependencies": [
            "module.vpc.aws_vpc.this"
          ],
          "create_before_destroy": true
        }
      ]
    },
    {
      "module": "module.eks.module.eks",
      "mode": "managed",
      "type": "aws_security_group_rule",
      "name": "cluster",
      "provider": "provider[\"registry.terraform.io/hashicorp/aws\"]",
      "instances": [
        {
          "index_key": "ingress_nodes_443",
          "schema_version": 2,
          "attributes": {
            "cidr_blocks": null,
            "description": "Node groups to cluster API",
            "from_port": 443,
            "id": "sgrule-3761294690",
            "ipv6_cidr_blocks": null,
            "prefix_list_ids": null,
            "protocol": "tcp",
            "security_group_id": "sg-0a19b1a8c74efa032",
            "security_group_rule_id": "sgr-0bedc901444369db7",
            "self": false,
            "source_security_group_id": "sg-0e3384bf29d4e1e09",
            "timeouts": null,
            "to_port": 443,
            "type": "ingress"
          },
          "sensitive_attributes": [],
          "private": "eyJlMmJmYjczMC1lY2FhLTExZTYtOGY4OC0zNDM2M2JjN2M0YzAiOnsiY3JlYXRlIjozMDAwMDAwMDAwMDB9LCJzY2hlbWFfdmVyc2lvbiI6IjIifQ==",
          "dependencies": [
            "module.eks.module.eks.aws_security_group.cluster",
            "module.eks.module.eks.aws_security_group.node",
            "module.vpc.aws_vpc.this"
          ]
        }
      ]
    },
    {
      "module": "module.eks.module.eks",
      "mode": "managed",
      "type": "aws_security_group_rule",
      "name": "node",
      "provider": "provider[\"registry.terraform.io/hashicorp/aws\"]",
      "instances": [
        {
          "index_key": "egress_all",
          "schema_version": 2,
          "attributes": {
            "cidr_blocks": [
              "0.0.0.0/0"
            ],
            "description": "Allow all egress",
            "from_port": 0,
            "id": "sgrule-1378097155",
            "ipv6_cidr_blocks": null,
            "prefix_list_ids": [],
            "protocol": "-1",
            "security_group_id": "sg-0e3384bf29d4e1e09",
            "security_group_rule_id": "sgr-0688e5af283798fab",
            "self": false,
            "source_security_group_id": null,
            "timeouts": null,
            "to_port": 0,
            "type": "egress"
          },
          "sensitive_attributes": [],
          "private": "eyJlMmJmYjczMC1lY2FhLTExZTYtOGY4OC0zNDM2M2JjN2M0YzAiOnsiY3JlYXRlIjozMDAwMDAwMDAwMDB9LCJzY2hlbWFfdmVyc2lvbiI6IjIifQ==",
          "dependencies": [
            "module.eks.module.eks.aws_security_group.cluster",
            "module.eks.module.eks.aws_security_group.node",
            "module.vpc.aws_vpc.this"
          ]
        },
        {
          "index_key": "ingress_cluster_443",
          "schema_version": 2,
          "attributes": {
            "cidr_blocks": null,
            "description": "Cluster API to node groups",
            "from_port": 443,
            "id": "sgrule-3527619683",
            "ipv6_cidr_blocks": null,
            "prefix_list_ids": [],
            "protocol": "tcp",
            "security_group_id": "sg-0e3384bf29d4e1e09",
            "security_group_rule_id": "sgr-0f51044d1f2360922",
            "self": false,
            "source_security_group_id": "sg-0a19b1a8c74efa032",
            "timeouts": null,
            "to_port": 443,
            "type": "ingress"
          },
          "sensitive_attributes": [],
          "private": "eyJlMmJmYjczMC1lY2FhLTExZTYtOGY4OC0zNDM2M2JjN2M0YzAiOnsiY3JlYXRlIjozMDAwMDAwMDAwMDB9LCJzY2hlbWFfdmVyc2lvbiI6IjIifQ==",
          "dependencies": [
            "module.eks.module.eks.aws_security_group.cluster",
            "module.eks.module.eks.aws_security_group.node",
            "module.vpc.aws_vpc.this"
          ]
        },
        {
          "index_key": "ingress_cluster_4443_webhook",
          "schema_version": 2,
          "attributes": {
            "cidr_blocks": null,
            "description": "Cluster API to node 4443/tcp webhook",
            "from_port": 4443,
            "id": "sgrule-1730204520",
            "ipv6_cidr_blocks": null,
            "prefix_list_ids": [],
            "protocol": "tcp",
            "security_group_id": "sg-0e3384bf29d4e1e09",
            "security_group_rule_id": "sgr-02a8cbd0dcef65aef",
            "self": false,
            "source_security_group_id": "sg-0a19b1a8c74efa032",
            "timeouts": null,
            "to_port": 4443,
            "type": "ingress"
          },
          "sensitive_attributes": [],
          "private": "eyJlMmJmYjczMC1lY2FhLTExZTYtOGY4OC0zNDM2M2JjN2M0YzAiOnsiY3JlYXRlIjozMDAwMDAwMDAwMDB9LCJzY2hlbWFfdmVyc2lvbiI6IjIifQ==",
          "dependencies": [
            "module.eks.module.eks.aws_security_group.cluster",
            "module.eks.module.eks.aws_security_group.node",
            "module.vpc.aws_vpc.this"
          ]
        },
        {
          "index_key": "ingress_cluster_6443_webhook",
          "schema_version": 2,
          "attributes": {
            "cidr_blocks": null,
            "description": "Cluster API to node 6443/tcp webhook",
            "from_port": 6443,
            "id": "sgrule-2925704446",
            "ipv6_cidr_blocks": null,
            "prefix_list_ids": [],
            "protocol": "tcp",
            "security_group_id": "sg-0e3384bf29d4e1e09",
            "security_group_rule_id": "sgr-03a6b7f7e02f29cfb",
            "self": false,
            "source_security_group_id": "sg-0a19b1a8c74efa032",
            "timeouts": null,
            "to_port": 6443,
            "type": "ingress"
          },
          "sensitive_attributes": [],
          "private": "eyJlMmJmYjczMC1lY2FhLTExZTYtOGY4OC0zNDM2M2JjN2M0YzAiOnsiY3JlYXRlIjozMDAwMDAwMDAwMDB9LCJzY2hlbWFfdmVyc2lvbiI6IjIifQ==",
          "dependencies": [
            "module.eks.module.eks.aws_security_group.cluster",
            "module.eks.module.eks.aws_security_group.node",
            "module.vpc.aws_vpc.this"
          ]
        },
        {
          "index_key": "ingress_cluster_8443_webhook",
          "schema_version": 2,
          "attributes": {
            "cidr_blocks": null,
            "description": "Cluster API to node 8443/tcp webhook",
            "from_port": 8443,
            "id": "sgrule-3174992095",
            "ipv6_cidr_blocks": null,
            "prefix_list_ids": [],
            "protocol": "tcp",
            "security_group_id": "sg-0e3384bf29d4e1e09",
            "security_group_rule_id": "sgr-0a5b801b740e76c82",
            "self": false,
            "source_security_group_id": "sg-0a19b1a8c74efa032",
            "timeouts": null,
            "to_port": 8443,
            "type": "ingress"
          },
          "sensitive_attributes": [],
          "private": "eyJlMmJmYjczMC1lY2FhLTExZTYtOGY4OC0zNDM2M2JjN2M0YzAiOnsiY3JlYXRlIjozMDAwMDAwMDAwMDB9LCJzY2hlbWFfdmVyc2lvbiI6IjIifQ==",
          "dependencies": [
            "module.eks.module.eks.aws_security_group.cluster",
            "module.eks.module.eks.aws_security_group.node",
            "module.vpc.aws_vpc.this"
          ]
        },
        {
          "index_key": "ingress_cluster_9443_webhook",
          "schema_version": 2,
          "attributes": {
            "cidr_blocks": null,
            "description": "Cluster API to node 9443/tcp webhook",
            "from_port": 9443,
            "id": "sgrule-3651123988",
            "ipv6_cidr_blocks": null,
            "prefix_list_ids": [],
            "protocol": "tcp",
            "security_group_id": "sg-0e3384bf29d4e1e09",
            "security_group_rule_id": "sgr-0a339857b2b3fd90f",
            "self": false,
            "source_security_group_id": "sg-0a19b1a8c74efa032",
            "timeouts": null,
            "to_port": 9443,
            "type": "ingress"
          },
          "sensitive_attributes": [],
          "private": "eyJlMmJmYjczMC1lY2FhLTExZTYtOGY4OC0zNDM2M2JjN2M0YzAiOnsiY3JlYXRlIjozMDAwMDAwMDAwMDB9LCJzY2hlbWFfdmVyc2lvbiI6IjIifQ==",
          "dependencies": [
            "module.eks.module.eks.aws_security_group.cluster",
            "module.eks.module.eks.aws_security_group.node",
            "module.vpc.aws_vpc.this"
          ]
        },
        {
          "index_key": "ingress_cluster_kubelet",
          "schema_version": 2,
          "attributes": {
            "cidr_blocks": null,
            "description": "Cluster API to node kubelets",
            "from_port": 10250,
            "id": "sgrule-31203221",
            "ipv6_cidr_blocks": null,
            "prefix_list_ids": [],
            "protocol": "tcp",
            "security_group_id": "sg-0e3384bf29d4e1e09",
            "security_group_rule_id": "sgr-0599a8d58c43e7919",
            "self": false,
            "source_security_group_id": "sg-0a19b1a8c74efa032",
            "timeouts": null,
            "to_port": 10250,
            "type": "ingress"
          },
          "sensitive_attributes": [],
          "private": "eyJlMmJmYjczMC1lY2FhLTExZTYtOGY4OC0zNDM2M2JjN2M0YzAiOnsiY3JlYXRlIjozMDAwMDAwMDAwMDB9LCJzY2hlbWFfdmVyc2lvbiI6IjIifQ==",
          "dependencies": [
            "module.eks.module.eks.aws_security_group.cluster",
            "module.eks.module.eks.aws_security_group.node",
            "module.vpc.aws_vpc.this"
          ]
        },
        {
          "index_key": "ingress_nodes_ephemeral",
          "schema_version": 2,
          "attributes": {
            "cidr_blocks": null,
            "description": "Node to node ingress on ephemeral ports",
            "from_port": 1025,
            "id": "sgrule-2741018791",
            "ipv6_cidr_blocks": null,
            "prefix_list_ids": [],
            "protocol": "tcp",
            "security_group_id": "sg-0e3384bf29d4e1e09",
            "security_group_rule_id": "sgr-0869c5eb6c2996a27",
            "self": true,
            "source_security_group_id": null,
            "timeouts": null,
            "to_port": 65535,
            "type": "ingress"
          },
          "sensitive_attributes": [],
          "private": "eyJlMmJmYjczMC1lY2FhLTExZTYtOGY4OC0zNDM2M2JjN2M0YzAiOnsiY3JlYXRlIjozMDAwMDAwMDAwMDB9LCJzY2hlbWFfdmVyc2lvbiI6IjIifQ==",
          "dependencies": [
            "module.eks.module.eks.aws_security_group.cluster",
            "module.eks.module.eks.aws_security_group.node",
            "module.vpc.aws_vpc.this"
          ]
        },
        {
          "index_key": "ingress_self_coredns_tcp",
          "schema_version": 2,
          "attributes": {
            "cidr_blocks": null,
            "description": "Node to node CoreDNS",
            "from_port": 53,
            "id": "sgrule-3030140047",
            "ipv6_cidr_blocks": null,
            "prefix_list_ids": [],
            "protocol": "tcp",
            "security_group_id": "sg-0e3384bf29d4e1e09",
            "security_group_rule_id": "sgr-0ee306771d9703ac3",
            "self": true,
            "source_security_group_id": null,
            "timeouts": null,
            "to_port": 53,
            "type": "ingress"
          },
          "sensitive_attributes": [],
          "private": "eyJlMmJmYjczMC1lY2FhLTExZTYtOGY4OC0zNDM2M2JjN2M0YzAiOnsiY3JlYXRlIjozMDAwMDAwMDAwMDB9LCJzY2hlbWFfdmVyc2lvbiI6IjIifQ==",
          "dependencies": [
            "module.eks.module.eks.aws_security_group.cluster",
            "module.eks.module.eks.aws_security_group.node",
            "module.vpc.aws_vpc.this"
          ]
        },
        {
          "index_key": "ingress_self_coredns_udp",
          "schema_version": 2,
          "attributes": {
            "cidr_blocks": null,
            "description": "Node to node CoreDNS UDP",
            "from_port": 53,
            "id": "sgrule-281274208",
            "ipv6_cidr_blocks": null,
            "prefix_list_ids": [],
            "protocol": "udp",
            "security_group_id": "sg-0e3384bf29d4e1e09",
            "security_group_rule_id": "sgr-0df1aa02027464c4c",
            "self": true,
            "source_security_group_id": null,
            "timeouts": null,
            "to_port": 53,
            "type": "ingress"
          },
          "sensitive_attributes": [],
          "private": "eyJlMmJmYjczMC1lY2FhLTExZTYtOGY4OC0zNDM2M2JjN2M0YzAiOnsiY3JlYXRlIjozMDAwMDAwMDAwMDB9LCJzY2hlbWFfdmVyc2lvbiI6IjIifQ==",
          "dependencies": [
            "module.eks.module.eks.aws_security_group.cluster",
            "module.eks.module.eks.aws_security_group.node",
            "module.vpc.aws_vpc.this"
          ]
        }
      ]
    },
    {
      "module": "module.eks.module.eks",
      "mode": "managed",
      "type": "time_sleep",
      "name": "this",
      "provider": "provider[\"registry.terraform.io/hashicorp/time\"]",
      "instances": [
        {
          "index_key": 0,
          "schema_version": 0,
          "attributes": {
            "create_duration": "30s",
            "destroy_duration": null,
            "id": "2024-08-28T18:13:52Z",
            "triggers": {
              "cluster_certificate_authority_data": "LS0tLS1CRUdJTiBDRVJUSUZJQ0FURS0tLS0tCk1JSURCVENDQWUyZ0F3SUJBZ0lJV1dRUndmdjRaNll3RFFZSktvWklodmNOQVFFTEJRQXdGVEVUTUJFR0ExVUUKQXhNS2EzVmlaWEp1WlhSbGN6QWVGdzB5TkRBNE1qZ3hPREEwTkRkYUZ3MHpOREE0TWpZeE9EQTVORGRhTUJVeApFekFSQmdOVkJBTVRDbXQxWW1WeWJtVjBaWE13Z2dFaU1BMEdDU3FHU0liM0RRRUJBUVVBQTRJQkR3QXdnZ0VLCkFvSUJBUURadENpVkEzR3N5ZndUL1RSbThDSUFoM3JITUtTOGhIM3RZTE04dnBVamdzZk55dWdsbmM1Nmk1R04KOFh6cmJIYmVvL3FGSjg4UDZFbjlTVEdxSzB2RGhIeUc3T2NRVmsvNWxicGU1WE1wazFHbW1hUGZZWUdhRVFwLwpia2J1Z2w2b1pJUm0yVzlMRnBuTGw2UU9iYUdDQ01XNkk4WDhtYm1LdFh1aEhkUFg1U3U3TjYzQVVhZTVVRzVxCnJHRkpHSGFDbk9rZDlJMkZ6YlZ1UEFKekdiWDFyUDk5U2tmbmYvTG1rZGVOU3dwMXh6S2dUaFUwT2RCdVZZNjMKazZQdnZYczRjYTVvUElqdVVoOXd2dzdnVXB5WmhBMXpYZXhMYzBLNTh0OUxFYzFzajZhTDgrZUlSRDZKbzE1OApFREEwcmRGSnR2c2J2aWJGaGRpYkFkZGdhOG5KQWdNQkFBR2pXVEJYTUE0R0ExVWREd0VCL3dRRUF3SUNwREFQCkJnTlZIUk1CQWY4RUJUQURBUUgvTUIwR0ExVWREZ1FXQkJUb2o0d3BJWGQ3VW1EVmdMR1VpVU5oTk5NNWdqQVYKQmdOVkhSRUVEakFNZ2dwcmRXSmxjbTVsZEdWek1BMEdDU3FHU0liM0RRRUJDd1VBQTRJQkFRQXlBTjdBVmp6agppanhuRmxsNkw4d2hybXRMNDN6ak1EVlNMZng4Z2NTRlNINC9jK2szQ3l2bVBBSWxWM3lmVGxFVWR1OHlvdTVsClY3dDZPY2NWZW04YXBjbmVHY3V6R2VwS0Q5ZFk4NE44SG9ZaUFaUVBqcjZSVU1JQ1pNb1JyT1N5YkZ2ZkhnZ0MKeWI4cGZBZEZSRHJ3THQyTStWRmRKYTFWYWp0WUV3T3JmTFFCbGFxa1IvUlFDdFdEWnlMYXJXdWl3OHRxNmZ1UwpkMDJtcWhrMEt1bVNiMmd0UHp2NmZJTUlIRExzRTJlQTlIYTRQR0VPZ014RHhmWUdSV0VKVVFJbDlFWVdvQzdKCkJCLy9wcWRhbnMrNEdjNjdtbzRrQm94MlFkeHQ4V2RpTUV3cExCVnhUdTV1NXk2bjBGWllyUlB1SmVkenRNc2QKZm4zSlh1T0JVZE5ICi0tLS0tRU5EIENFUlRJRklDQVRFLS0tLS0K",
              "cluster_endpoint": "https://F41E3245137FEE84DF3BA271FECAD829.sk1.us-west-1.eks.amazonaws.com",
              "cluster_name": "desafio-cluster",
              "cluster_service_cidr": "172.20.0.0/16",
              "cluster_version": "1.30"
            }
          },
          "sensitive_attributes": [],
          "dependencies": [
            "module.eks.module.eks.aws_cloudwatch_log_group.this",
            "module.eks.module.eks.aws_eks_cluster.this",
            "module.eks.module.eks.aws_iam_policy.cni_ipv6_policy",
            "module.eks.module.eks.aws_iam_role.this",
            "module.eks.module.eks.aws_iam_role_policy_attachment.this",
            "module.eks.module.eks.aws_security_group.cluster",
            "module.eks.module.eks.aws_security_group.node",
            "module.eks.module.eks.aws_security_group_rule.cluster",
            "module.eks.module.eks.aws_security_group_rule.node",
            "module.eks.module.eks.data.aws_caller_identity.current",
            "module.eks.module.eks.data.aws_iam_policy_document.assume_role_policy",
            "module.eks.module.eks.data.aws_iam_policy_document.cni_ipv6_policy",
            "module.eks.module.eks.data.aws_iam_session_context.current",
            "module.eks.module.eks.data.aws_partition.current",
            "module.eks.module.eks.module.kms.aws_kms_external_key.this",
            "module.eks.module.eks.module.kms.aws_kms_key.this",
            "module.eks.module.eks.module.kms.aws_kms_replica_external_key.this",
            "module.eks.module.eks.module.kms.aws_kms_replica_key.this",
            "module.eks.module.eks.module.kms.data.aws_caller_identity.current",
            "module.eks.module.eks.module.kms.data.aws_iam_policy_document.this",
            "module.eks.module.eks.module.kms.data.aws_partition.current",
            "module.vpc.aws_subnet.private",
            "module.vpc.aws_vpc.this",
            "module.vpc.aws_vpc_ipv4_cidr_block_association.this"
          ]
        }
      ]
    },
    {
      "module": "module.eks.module.eks.module.kms",
      "mode": "data",
      "type": "aws_caller_identity",
      "name": "current",
      "provider": "provider[\"registry.terraform.io/hashicorp/aws\"]",
      "instances": [
        {
          "index_key": 0,
          "schema_version": 0,
          "attributes": {
            "account_id": "833371734412",
            "arn": "arn:aws:iam::833371734412:user/terraform",
            "id": "833371734412",
            "user_id": "AIDA4ECGTQGGMTFGGOOIJ"
          },
          "sensitive_attributes": []
        }
      ]
    },
    {
      "module": "module.eks.module.eks.module.kms",
      "mode": "data",
      "type": "aws_iam_policy_document",
      "name": "this",
      "provider": "provider[\"registry.terraform.io/hashicorp/aws\"]",
      "instances": [
        {
          "index_key": 0,
          "schema_version": 0,
          "attributes": {
            "id": "2567770028",
            "json": "{\n  \"Version\": \"2012-10-17\",\n  \"Statement\": [\n    {\n      \"Sid\": \"Default\",\n      \"Effect\": \"Allow\",\n      \"Action\": \"kms:*\",\n      \"Resource\": \"*\",\n      \"Principal\": {\n        \"AWS\": \"arn:aws:iam::833371734412:root\"\n      }\n    },\n    {\n      \"Sid\": \"KeyAdministration\",\n      \"Effect\": \"Allow\",\n      \"Action\": [\n        \"kms:Update*\",\n        \"kms:UntagResource\",\n        \"kms:TagResource\",\n        \"kms:ScheduleKeyDeletion\",\n        \"kms:Revoke*\",\n        \"kms:ReplicateKey\",\n        \"kms:Put*\",\n        \"kms:List*\",\n        \"kms:ImportKeyMaterial\",\n        \"kms:Get*\",\n        \"kms:Enable*\",\n        \"kms:Disable*\",\n        \"kms:Describe*\",\n        \"kms:Delete*\",\n        \"kms:Create*\",\n        \"kms:CancelKeyDeletion\"\n      ],\n      \"Resource\": \"*\",\n      \"Principal\": {\n        \"AWS\": \"arn:aws:iam::833371734412:user/terraform\"\n      }\n    },\n    {\n      \"Sid\": \"KeyUsage\",\n      \"Effect\": \"Allow\",\n      \"Action\": [\n        \"kms:ReEncrypt*\",\n        \"kms:GenerateDataKey*\",\n        \"kms:Encrypt\",\n        \"kms:DescribeKey\",\n        \"kms:Decrypt\"\n      ],\n      \"Resource\": \"*\",\n      \"Principal\": {\n        \"AWS\": \"arn:aws:iam::833371734412:role/desafio-cluster-cluster-20240828180448214000000002\"\n      }\n    }\n  ]\n}",
            "minified_json": "{\"Version\":\"2012-10-17\",\"Statement\":[{\"Sid\":\"Default\",\"Effect\":\"Allow\",\"Action\":\"kms:*\",\"Resource\":\"*\",\"Principal\":{\"AWS\":\"arn:aws:iam::833371734412:root\"}},{\"Sid\":\"KeyAdministration\",\"Effect\":\"Allow\",\"Action\":[\"kms:Update*\",\"kms:UntagResource\",\"kms:TagResource\",\"kms:ScheduleKeyDeletion\",\"kms:Revoke*\",\"kms:ReplicateKey\",\"kms:Put*\",\"kms:List*\",\"kms:ImportKeyMaterial\",\"kms:Get*\",\"kms:Enable*\",\"kms:Disable*\",\"kms:Describe*\",\"kms:Delete*\",\"kms:Create*\",\"kms:CancelKeyDeletion\"],\"Resource\":\"*\",\"Principal\":{\"AWS\":\"arn:aws:iam::833371734412:user/terraform\"}},{\"Sid\":\"KeyUsage\",\"Effect\":\"Allow\",\"Action\":[\"kms:ReEncrypt*\",\"kms:GenerateDataKey*\",\"kms:Encrypt\",\"kms:DescribeKey\",\"kms:Decrypt\"],\"Resource\":\"*\",\"Principal\":{\"AWS\":\"arn:aws:iam::833371734412:role/desafio-cluster-cluster-20240828180448214000000002\"}}]}",
            "override_json": null,
            "override_policy_documents": null,
            "policy_id": null,
            "source_json": null,
            "source_policy_documents": null,
            "statement": [
              {
                "actions": [
                  "kms:*"
                ],
                "condition": [],
                "effect": "Allow",
                "not_actions": [],
                "not_principals": [],
                "not_resources": [],
                "principals": [
                  {
                    "identifiers": [
                      "arn:aws:iam::833371734412:root"
                    ],
                    "type": "AWS"
                  }
                ],
                "resources": [
                  "*"
                ],
                "sid": "Default"
              },
              {
                "actions": [
                  "kms:CancelKeyDeletion",
                  "kms:Create*",
                  "kms:Delete*",
                  "kms:Describe*",
                  "kms:Disable*",
                  "kms:Enable*",
                  "kms:Get*",
                  "kms:ImportKeyMaterial",
                  "kms:List*",
                  "kms:Put*",
                  "kms:ReplicateKey",
                  "kms:Revoke*",
                  "kms:ScheduleKeyDeletion",
                  "kms:TagResource",
                  "kms:UntagResource",
                  "kms:Update*"
                ],
                "condition": [],
                "effect": "Allow",
                "not_actions": [],
                "not_principals": [],
                "not_resources": [],
                "principals": [
                  {
                    "identifiers": [
                      "arn:aws:iam::833371734412:user/terraform"
                    ],
                    "type": "AWS"
                  }
                ],
                "resources": [
                  "*"
                ],
                "sid": "KeyAdministration"
              },
              {
                "actions": [
                  "kms:Decrypt",
                  "kms:DescribeKey",
                  "kms:Encrypt",
                  "kms:GenerateDataKey*",
                  "kms:ReEncrypt*"
                ],
                "condition": [],
                "effect": "Allow",
                "not_actions": [],
                "not_principals": [],
                "not_resources": [],
                "principals": [
                  {
                    "identifiers": [
                      "arn:aws:iam::833371734412:role/desafio-cluster-cluster-20240828180448214000000002"
                    ],
                    "type": "AWS"
                  }
                ],
                "resources": [
                  "*"
                ],
                "sid": "KeyUsage"
              }
            ],
            "version": "2012-10-17"
          },
          "sensitive_attributes": []
        }
      ]
    },
    {
      "module": "module.eks.module.eks.module.kms",
      "mode": "data",
      "type": "aws_partition",
      "name": "current",
      "provider": "provider[\"registry.terraform.io/hashicorp/aws\"]",
      "instances": [
        {
          "index_key": 0,
          "schema_version": 0,
          "attributes": {
            "dns_suffix": "amazonaws.com",
            "id": "aws",
            "partition": "aws",
            "reverse_dns_prefix": "com.amazonaws"
          },
          "sensitive_attributes": []
        }
      ]
    },
    {
      "module": "module.eks.module.eks.module.kms",
      "mode": "managed",
      "type": "aws_kms_alias",
      "name": "this",
      "provider": "provider[\"registry.terraform.io/hashicorp/aws\"]",
      "instances": [
        {
          "index_key": "cluster",
          "schema_version": 0,
          "attributes": {
            "arn": "arn:aws:kms:us-west-1:833371734412:alias/eks/desafio-cluster",
            "id": "alias/eks/desafio-cluster",
            "name": "alias/eks/desafio-cluster",
            "name_prefix": "",
            "target_key_arn": "arn:aws:kms:us-west-1:833371734412:key/b206bb39-69e1-422d-8e4f-e0c193a415bd",
            "target_key_id": "b206bb39-69e1-422d-8e4f-e0c193a415bd"
          },
          "sensitive_attributes": [],
          "private": "bnVsbA==",
          "dependencies": [
            "module.eks.module.eks.aws_iam_role.this",
            "module.eks.module.eks.data.aws_caller_identity.current",
            "module.eks.module.eks.data.aws_iam_policy_document.assume_role_policy",
            "module.eks.module.eks.data.aws_iam_session_context.current",
            "module.eks.module.eks.module.kms.aws_kms_external_key.this",
            "module.eks.module.eks.module.kms.aws_kms_key.this",
            "module.eks.module.eks.module.kms.aws_kms_replica_external_key.this",
            "module.eks.module.eks.module.kms.aws_kms_replica_key.this",
            "module.eks.module.eks.module.kms.data.aws_caller_identity.current",
            "module.eks.module.eks.module.kms.data.aws_iam_policy_document.this",
            "module.eks.module.eks.module.kms.data.aws_partition.current"
          ]
        }
      ]
    },
    {
      "module": "module.eks.module.eks.module.kms",
      "mode": "managed",
      "type": "aws_kms_external_key",
      "name": "this",
      "provider": "provider[\"registry.terraform.io/hashicorp/aws\"]",
      "instances": []
    },
    {
      "module": "module.eks.module.eks.module.kms",
      "mode": "managed",
      "type": "aws_kms_key",
      "name": "this",
      "provider": "provider[\"registry.terraform.io/hashicorp/aws\"]",
      "instances": [
        {
          "index_key": 0,
          "schema_version": 0,
          "attributes": {
            "arn": "arn:aws:kms:us-west-1:833371734412:key/b206bb39-69e1-422d-8e4f-e0c193a415bd",
            "bypass_policy_lockout_safety_check": false,
            "custom_key_store_id": "",
            "customer_master_key_spec": "SYMMETRIC_DEFAULT",
            "deletion_window_in_days": null,
            "description": "desafio-cluster cluster encryption key",
            "enable_key_rotation": true,
            "id": "b206bb39-69e1-422d-8e4f-e0c193a415bd",
            "is_enabled": true,
            "key_id": "b206bb39-69e1-422d-8e4f-e0c193a415bd",
            "key_usage": "ENCRYPT_DECRYPT",
            "multi_region": false,
            "policy": "{\"Statement\":[{\"Action\":\"kms:*\",\"Effect\":\"Allow\",\"Principal\":{\"AWS\":\"arn:aws:iam::833371734412:root\"},\"Resource\":\"*\",\"Sid\":\"Default\"},{\"Action\":[\"kms:Update*\",\"kms:UntagResource\",\"kms:TagResource\",\"kms:ScheduleKeyDeletion\",\"kms:Revoke*\",\"kms:ReplicateKey\",\"kms:Put*\",\"kms:List*\",\"kms:ImportKeyMaterial\",\"kms:Get*\",\"kms:Enable*\",\"kms:Disable*\",\"kms:Describe*\",\"kms:Delete*\",\"kms:Create*\",\"kms:CancelKeyDeletion\"],\"Effect\":\"Allow\",\"Principal\":{\"AWS\":\"arn:aws:iam::833371734412:user/terraform\"},\"Resource\":\"*\",\"Sid\":\"KeyAdministration\"},{\"Action\":[\"kms:ReEncrypt*\",\"kms:GenerateDataKey*\",\"kms:Encrypt\",\"kms:DescribeKey\",\"kms:Decrypt\"],\"Effect\":\"Allow\",\"Principal\":{\"AWS\":\"arn:aws:iam::833371734412:role/desafio-cluster-cluster-20240828180448214000000002\"},\"Resource\":\"*\",\"Sid\":\"KeyUsage\"}],\"Version\":\"2012-10-17\"}",
            "rotation_period_in_days": 365,
            "tags": {
              "Example": "desafio-cluster",
              "terraform-aws-modules": "eks"
            },
            "tags_all": {
              "Example": "desafio-cluster",
              "terraform-aws-modules": "eks"
            },
            "timeouts": null,
            "xks_key_id": ""
          },
          "sensitive_attributes": [],
          "private": "eyJlMmJmYjczMC1lY2FhLTExZTYtOGY4OC0zNDM2M2JjN2M0YzAiOnsiY3JlYXRlIjoxMjAwMDAwMDAwMDB9fQ==",
          "dependencies": [
            "module.eks.module.eks.aws_iam_role.this",
            "module.eks.module.eks.data.aws_caller_identity.current",
            "module.eks.module.eks.data.aws_iam_policy_document.assume_role_policy",
            "module.eks.module.eks.data.aws_iam_session_context.current",
            "module.eks.module.eks.module.kms.data.aws_caller_identity.current",
            "module.eks.module.eks.module.kms.data.aws_iam_policy_document.this",
            "module.eks.module.eks.module.kms.data.aws_partition.current"
          ]
        }
      ]
    },
    {
      "module": "module.eks.module.eks.module.kms",
      "mode": "managed",
      "type": "aws_kms_replica_external_key",
      "name": "this",
      "provider": "provider[\"registry.terraform.io/hashicorp/aws\"]",
      "instances": []
    },
    {
      "module": "module.eks.module.eks.module.kms",
      "mode": "managed",
      "type": "aws_kms_replica_key",
      "name": "this",
      "provider": "provider[\"registry.terraform.io/hashicorp/aws\"]",
      "instances": []
    },
    {
      "module": "module.rds",
      "mode": "managed",
      "type": "aws_db_instance",
      "name": "this",
      "provider": "provider[\"registry.terraform.io/hashicorp/aws\"]",
      "instances": [
        {
          "schema_version": 2,
          "attributes": {
            "address": "desafio.c1woyayoomuc.us-west-1.rds.amazonaws.com",
            "allocated_storage": 20,
            "allow_major_version_upgrade": null,
            "apply_immediately": false,
            "arn": "arn:aws:rds:us-west-1:833371734412:db:desafio",
            "auto_minor_version_upgrade": true,
            "availability_zone": "us-west-1c",
            "backup_retention_period": 0,
            "backup_target": "region",
            "backup_window": "12:54-13:24",
            "blue_green_update": [],
            "ca_cert_identifier": "rds-ca-rsa2048-g1",
            "character_set_name": "",
            "copy_tags_to_snapshot": false,
            "custom_iam_instance_profile": "",
            "customer_owned_ip_enabled": false,
            "db_name": "",
            "db_subnet_group_name": "desafio-rds",
            "dedicated_log_volume": false,
            "delete_automated_backups": true,
            "deletion_protection": false,
            "domain": "",
            "domain_auth_secret_arn": "",
            "domain_dns_ips": null,
            "domain_fqdn": "",
            "domain_iam_role_name": "",
            "domain_ou": "",
            "enabled_cloudwatch_logs_exports": null,
            "endpoint": "desafio.c1woyayoomuc.us-west-1.rds.amazonaws.com:3306",
            "engine": "mysql",
            "engine_lifecycle_support": "open-source-rds-extended-support",
            "engine_version": "8.0",
            "engine_version_actual": "8.0.35",
            "final_snapshot_identifier": null,
            "hosted_zone_id": "Z10WI91S59XXQN",
            "iam_database_authentication_enabled": false,
            "id": "db-LLX6QR6DSEYX2V3NUQSALPFWRE",
            "identifier": "desafio",
            "identifier_prefix": "",
            "instance_class": "db.t3.micro",
            "iops": 0,
            "kms_key_id": "",
            "latest_restorable_time": "",
            "license_model": "general-public-license",
            "listener_endpoint": [],
            "maintenance_window": "wed:08:22-wed:08:52",
            "manage_master_user_password": null,
            "master_user_secret": [],
            "master_user_secret_kms_key_id": null,
            "max_allocated_storage": 0,
            "monitoring_interval": 0,
            "monitoring_role_arn": "",
            "multi_az": false,
            "nchar_character_set_name": "",
            "network_type": "IPV4",
            "option_group_name": "default:mysql-8-0",
            "parameter_group_name": "default.mysql8.0",
            "password": "desafio_6",
            "performance_insights_enabled": false,
            "performance_insights_kms_key_id": "",
            "performance_insights_retention_period": 0,
            "port": 3306,
            "publicly_accessible": false,
            "replica_mode": "",
            "replicas": [],
            "replicate_source_db": "",
            "resource_id": "db-LLX6QR6DSEYX2V3NUQSALPFWRE",
            "restore_to_point_in_time": [],
            "s3_import": [],
            "skip_final_snapshot": true,
            "snapshot_identifier": null,
            "status": "available",
            "storage_encrypted": false,
            "storage_throughput": 0,
            "storage_type": "gp2",
            "tags": {
              "Name": "desafio-rds"
            },
            "tags_all": {
              "Name": "desafio-rds"
            },
            "timeouts": null,
            "timezone": "",
            "upgrade_storage_config": null,
            "username": "admin",
            "vpc_security_group_ids": [
              "sg-0f9266d3350378045"
            ]
          },
          "sensitive_attributes": [
            [
              {
                "type": "get_attr",
                "value": "password"
              }
            ]
          ],
          "private": "eyJlMmJmYjczMC1lY2FhLTExZTYtOGY4OC0zNDM2M2JjN2M0YzAiOnsiY3JlYXRlIjoyNDAwMDAwMDAwMDAwLCJkZWxldGUiOjM2MDAwMDAwMDAwMDAsInVwZGF0ZSI6NDgwMDAwMDAwMDAwMH0sInNjaGVtYV92ZXJzaW9uIjoiMiJ9",
          "dependencies": [
            "module.rds.aws_db_subnet_group.this",
            "module.rds.aws_security_group.rds_sg",
            "module.vpc.aws_subnet.private",
            "module.vpc.aws_vpc.this",
            "module.vpc.aws_vpc_ipv4_cidr_block_association.this"
          ]
        }
      ]
    },
    {
      "module": "module.rds",
      "mode": "managed",
      "type": "aws_db_subnet_group",
      "name": "this",
      "provider": "provider[\"registry.terraform.io/hashicorp/aws\"]",
      "instances": [
        {
          "schema_version": 0,
          "attributes": {
            "arn": "arn:aws:rds:us-west-1:833371734412:subgrp:desafio-rds",
            "description": "Managed by Terraform",
            "id": "desafio-rds",
            "name": "desafio-rds",
            "name_prefix": "",
            "subnet_ids": [
              "subnet-00108161fc2f6e03e",
              "subnet-0f5d06e99c37f10d0"
            ],
            "supported_network_types": [
              "IPV4"
            ],
            "tags": {
              "Name": "desafio-rds"
            },
            "tags_all": {
              "Name": "desafio-rds"
            },
            "vpc_id": "vpc-0b648cef8e82add73"
          },
          "sensitive_attributes": [],
          "private": "bnVsbA==",
          "dependencies": [
            "module.vpc.aws_subnet.private",
            "module.vpc.aws_vpc.this",
            "module.vpc.aws_vpc_ipv4_cidr_block_association.this"
          ]
        }
      ]
    },
    {
      "module": "module.rds",
      "mode": "managed",
      "type": "aws_secretsmanager_secret",
      "name": "rds_secret",
      "provider": "provider[\"registry.terraform.io/hashicorp/aws\"]",
      "instances": [
        {
          "schema_version": 0,
          "attributes": {
            "arn": "arn:aws:secretsmanager:us-west-1:833371734412:secret:rds-secret-Fy1l-XAQMW1",
            "description": "",
            "force_overwrite_replica_secret": false,
            "id": "arn:aws:secretsmanager:us-west-1:833371734412:secret:rds-secret-Fy1l-XAQMW1",
            "kms_key_id": "",
            "name": "rds-secret-Fy1l",
            "name_prefix": "",
            "policy": "",
            "recovery_window_in_days": 30,
            "replica": [],
            "tags": null,
            "tags_all": {}
          },
          "sensitive_attributes": [],
          "private": "bnVsbA==",
          "dependencies": [
            "module.rds.random_string.rds_secret_suffix"
          ]
        }
      ]
    },
    {
      "module": "module.rds",
      "mode": "managed",
      "type": "aws_secretsmanager_secret_version",
      "name": "rds_secret_value",
      "provider": "provider[\"registry.terraform.io/hashicorp/aws\"]",
      "instances": [
        {
          "schema_version": 0,
          "attributes": {
            "arn": "arn:aws:secretsmanager:us-west-1:833371734412:secret:rds-secret-Fy1l-XAQMW1",
            "id": "arn:aws:secretsmanager:us-west-1:833371734412:secret:rds-secret-Fy1l-XAQMW1|terraform-20240828180449718700000003",
            "secret_binary": "",
            "secret_id": "arn:aws:secretsmanager:us-west-1:833371734412:secret:rds-secret-Fy1l-XAQMW1",
            "secret_string": "{\"password\":\"desafio_6\",\"username\":\"admin\"}",
            "version_id": "terraform-20240828180449718700000003",
            "version_stages": [
              "AWSCURRENT"
            ]
          },
          "sensitive_attributes": [
            [
              {
                "type": "get_attr",
                "value": "secret_binary"
              }
            ],
            [
              {
                "type": "get_attr",
                "value": "secret_string"
              }
            ]
          ],
          "private": "bnVsbA==",
          "dependencies": [
            "module.rds.aws_secretsmanager_secret.rds_secret",
            "module.rds.random_string.rds_secret_suffix"
          ]
        }
      ]
    },
    {
      "module": "module.rds",
      "mode": "managed",
      "type": "aws_security_group",
      "name": "rds_sg",
      "provider": "provider[\"registry.terraform.io/hashicorp/aws\"]",
      "instances": [
        {
          "schema_version": 1,
          "attributes": {
            "arn": "arn:aws:ec2:us-west-1:833371734412:security-group/sg-0f9266d3350378045",
            "description": "Security group for RDS in private subnet",
            "egress": [
              {
                "cidr_blocks": [
                  "0.0.0.0/0"
                ],
                "description": "",
                "from_port": 0,
                "ipv6_cidr_blocks": [],
                "prefix_list_ids": [],
                "protocol": "-1",
                "security_groups": [],
                "self": false,
                "to_port": 0
              }
            ],
            "id": "sg-0f9266d3350378045",
            "ingress": [
              {
                "cidr_blocks": [
                  "10.123.0.0/16"
                ],
                "description": "",
                "from_port": 3306,
                "ipv6_cidr_blocks": [],
                "prefix_list_ids": [],
                "protocol": "tcp",
                "security_groups": [],
                "self": false,
                "to_port": 3306
              }
            ],
            "name": "rds_sg",
            "name_prefix": "",
            "owner_id": "833371734412",
            "revoke_rules_on_delete": false,
            "tags": {
              "Name": "desafio-rds"
            },
            "tags_all": {
              "Name": "desafio-rds"
            },
            "timeouts": null,
            "vpc_id": "vpc-0b648cef8e82add73"
          },
          "sensitive_attributes": [],
          "private": "eyJlMmJmYjczMC1lY2FhLTExZTYtOGY4OC0zNDM2M2JjN2M0YzAiOnsiY3JlYXRlIjo2MDAwMDAwMDAwMDAsImRlbGV0ZSI6OTAwMDAwMDAwMDAwfSwic2NoZW1hX3ZlcnNpb24iOiIxIn0=",
          "dependencies": [
            "module.vpc.aws_vpc.this"
          ]
        }
      ]
    },
    {
      "module": "module.rds",
      "mode": "managed",
      "type": "random_string",
      "name": "rds_secret_suffix",
      "provider": "provider[\"registry.terraform.io/hashicorp/random\"]",
      "instances": [
        {
          "schema_version": 2,
          "attributes": {
            "id": "Fy1l",
            "keepers": null,
            "length": 4,
            "lower": true,
            "min_lower": 0,
            "min_numeric": 0,
            "min_special": 0,
            "min_upper": 0,
            "number": true,
            "numeric": true,
            "override_special": null,
            "result": "Fy1l",
            "special": false,
            "upper": true
          },
          "sensitive_attributes": []
        }
      ]
    },
    {
      "module": "module.vpc",
      "mode": "managed",
      "type": "aws_default_network_acl",
      "name": "this",
      "provider": "provider[\"registry.terraform.io/hashicorp/aws\"]",
      "instances": [
        {
          "index_key": 0,
          "schema_version": 0,
          "attributes": {
            "arn": "arn:aws:ec2:us-west-1:833371734412:network-acl/acl-019f2949faf95557b",
            "default_network_acl_id": "acl-019f2949faf95557b",
            "egress": [
              {
                "action": "allow",
                "cidr_block": "",
                "from_port": 0,
                "icmp_code": null,
                "icmp_type": null,
                "ipv6_cidr_block": "::/0",
                "protocol": "-1",
                "rule_no": 101,
                "to_port": 0
              },
              {
                "action": "allow",
                "cidr_block": "0.0.0.0/0",
                "from_port": 0,
                "icmp_code": null,
                "icmp_type": null,
                "ipv6_cidr_block": "",
                "protocol": "-1",
                "rule_no": 100,
                "to_port": 0
              }
            ],
            "id": "acl-019f2949faf95557b",
            "ingress": [
              {
                "action": "allow",
                "cidr_block": "",
                "from_port": 0,
                "icmp_code": null,
                "icmp_type": null,
                "ipv6_cidr_block": "::/0",
                "protocol": "-1",
                "rule_no": 101,
                "to_port": 0
              },
              {
                "action": "allow",
                "cidr_block": "0.0.0.0/0",
                "from_port": 0,
                "icmp_code": null,
                "icmp_type": null,
                "ipv6_cidr_block": "",
                "protocol": "-1",
                "rule_no": 100,
                "to_port": 0
              }
            ],
            "owner_id": "833371734412",
            "subnet_ids": [
              "subnet-00108161fc2f6e03e",
              "subnet-024e428553ab01765",
              "subnet-0f5d06e99c37f10d0",
              "subnet-0fae8f4bed658e2f7"
            ],
            "tags": {
              "Name": "desafio-vpc-default"
            },
            "tags_all": {
              "Name": "desafio-vpc-default"
            },
            "vpc_id": "vpc-0b648cef8e82add73"
          },
          "sensitive_attributes": [],
          "private": "bnVsbA==",
          "dependencies": [
            "module.vpc.aws_vpc.this"
          ]
        }
      ]
    },
    {
      "module": "module.vpc",
      "mode": "managed",
      "type": "aws_default_route_table",
      "name": "default",
      "provider": "provider[\"registry.terraform.io/hashicorp/aws\"]",
      "instances": [
        {
          "index_key": 0,
          "schema_version": 0,
          "attributes": {
            "arn": "arn:aws:ec2:us-west-1:833371734412:route-table/rtb-00343894a1e2df339",
            "default_route_table_id": "rtb-00343894a1e2df339",
            "id": "rtb-00343894a1e2df339",
            "owner_id": "833371734412",
            "propagating_vgws": null,
            "route": [],
            "tags": {
              "Name": "desafio-vpc-default"
            },
            "tags_all": {
              "Name": "desafio-vpc-default"
            },
            "timeouts": {
              "create": "5m",
              "update": "5m"
            },
            "vpc_id": "vpc-0b648cef8e82add73"
          },
          "sensitive_attributes": [],
          "private": "eyJlMmJmYjczMC1lY2FhLTExZTYtOGY4OC0zNDM2M2JjN2M0YzAiOnsiY3JlYXRlIjozMDAwMDAwMDAwMDAsInVwZGF0ZSI6MzAwMDAwMDAwMDAwfX0=",
          "dependencies": [
            "module.vpc.aws_vpc.this"
          ]
        }
      ]
    },
    {
      "module": "module.vpc",
      "mode": "managed",
      "type": "aws_default_security_group",
      "name": "this",
      "provider": "provider[\"registry.terraform.io/hashicorp/aws\"]",
      "instances": [
        {
          "index_key": 0,
          "schema_version": 1,
          "attributes": {
            "arn": "arn:aws:ec2:us-west-1:833371734412:security-group/sg-05e40a57754d6711c",
            "description": "default VPC security group",
            "egress": [],
            "id": "sg-05e40a57754d6711c",
            "ingress": [],
            "name": "default",
            "name_prefix": "",
            "owner_id": "833371734412",
            "revoke_rules_on_delete": false,
            "tags": {
              "Name": "desafio-vpc-default"
            },
            "tags_all": {
              "Name": "desafio-vpc-default"
            },
            "vpc_id": "vpc-0b648cef8e82add73"
          },
          "sensitive_attributes": [],
          "private": "eyJzY2hlbWFfdmVyc2lvbiI6IjEifQ==",
          "dependencies": [
            "module.vpc.aws_vpc.this"
          ]
        }
      ]
    },
    {
      "module": "module.vpc",
      "mode": "managed",
      "type": "aws_eip",
      "name": "nat",
      "provider": "provider[\"registry.terraform.io/hashicorp/aws\"]",
      "instances": [
        {
          "index_key": 0,
          "schema_version": 0,
          "attributes": {
            "address": null,
            "allocation_id": "eipalloc-0e617265504bc795a",
            "arn": "arn:aws:ec2:us-west-1:833371734412:elastic-ip/eipalloc-0e617265504bc795a",
            "associate_with_private_ip": null,
            "association_id": "",
            "carrier_ip": "",
            "customer_owned_ip": "",
            "customer_owned_ipv4_pool": "",
            "domain": "vpc",
            "id": "eipalloc-0e617265504bc795a",
            "instance": "",
            "network_border_group": "us-west-1",
            "network_interface": "",
            "private_dns": null,
            "private_ip": "",
            "ptr_record": "",
            "public_dns": "ec2-54-153-34-86.us-west-1.compute.amazonaws.com",
            "public_ip": "54.153.34.86",
            "public_ipv4_pool": "amazon",
            "tags": {
              "Name": "desafio-vpc-us-west-1b"
            },
            "tags_all": {
              "Name": "desafio-vpc-us-west-1b"
            },
            "timeouts": null,
            "vpc": true
          },
          "sensitive_attributes": [],
          "private": "eyJlMmJmYjczMC1lY2FhLTExZTYtOGY4OC0zNDM2M2JjN2M0YzAiOnsiZGVsZXRlIjoxODAwMDAwMDAwMDAsInJlYWQiOjkwMDAwMDAwMDAwMCwidXBkYXRlIjozMDAwMDAwMDAwMDB9fQ=="
        },
        {
          "index_key": 1,
          "schema_version": 0,
          "attributes": {
            "address": null,
            "allocation_id": "eipalloc-0ee9a6551e3af342d",
            "arn": "arn:aws:ec2:us-west-1:833371734412:elastic-ip/eipalloc-0ee9a6551e3af342d",
            "associate_with_private_ip": null,
            "association_id": "",
            "carrier_ip": "",
            "customer_owned_ip": "",
            "customer_owned_ipv4_pool": "",
            "domain": "vpc",
            "id": "eipalloc-0ee9a6551e3af342d",
            "instance": "",
            "network_border_group": "us-west-1",
            "network_interface": "",
            "private_dns": null,
            "private_ip": "",
            "ptr_record": "",
            "public_dns": "ec2-54-219-232-128.us-west-1.compute.amazonaws.com",
            "public_ip": "54.219.232.128",
            "public_ipv4_pool": "amazon",
            "tags": {
              "Name": "desafio-vpc-us-west-1c"
            },
            "tags_all": {
              "Name": "desafio-vpc-us-west-1c"
            },
            "timeouts": null,
            "vpc": true
          },
          "sensitive_attributes": [],
          "private": "eyJlMmJmYjczMC1lY2FhLTExZTYtOGY4OC0zNDM2M2JjN2M0YzAiOnsiZGVsZXRlIjoxODAwMDAwMDAwMDAsInJlYWQiOjkwMDAwMDAwMDAwMCwidXBkYXRlIjozMDAwMDAwMDAwMDB9fQ=="
        }
      ]
    },
    {
      "module": "module.vpc",
      "mode": "managed",
      "type": "aws_internet_gateway",
      "name": "this",
      "provider": "provider[\"registry.terraform.io/hashicorp/aws\"]",
      "instances": [
        {
          "index_key": 0,
          "schema_version": 0,
          "attributes": {
            "arn": "arn:aws:ec2:us-west-1:833371734412:internet-gateway/igw-0a6783a78840bf6e1",
            "id": "igw-0a6783a78840bf6e1",
            "owner_id": "833371734412",
            "tags": {
              "Name": "desafio-vpc"
            },
            "tags_all": {
              "Name": "desafio-vpc"
            },
            "timeouts": null,
            "vpc_id": "vpc-0b648cef8e82add73"
          },
          "sensitive_attributes": [],
          "private": "eyJlMmJmYjczMC1lY2FhLTExZTYtOGY4OC0zNDM2M2JjN2M0YzAiOnsiY3JlYXRlIjoxMjAwMDAwMDAwMDAwLCJkZWxldGUiOjEyMDAwMDAwMDAwMDAsInVwZGF0ZSI6MTIwMDAwMDAwMDAwMH19",
          "dependencies": [
            "module.vpc.aws_vpc.this",
            "module.vpc.aws_vpc_ipv4_cidr_block_association.this"
          ]
        }
      ]
    },
    {
      "module": "module.vpc",
      "mode": "managed",
      "type": "aws_nat_gateway",
      "name": "this",
      "provider": "provider[\"registry.terraform.io/hashicorp/aws\"]",
      "instances": [
        {
          "index_key": 0,
          "schema_version": 0,
          "attributes": {
            "allocation_id": "eipalloc-0e617265504bc795a",
            "association_id": "eipassoc-0375ce7baf83a956b",
            "connectivity_type": "public",
            "id": "nat-0114e581f83ef1d82",
            "network_interface_id": "eni-05988db1ca9d30294",
            "private_ip": "10.123.1.61",
            "public_ip": "54.153.34.86",
            "secondary_allocation_ids": null,
            "secondary_private_ip_address_count": 0,
            "secondary_private_ip_addresses": [],
            "subnet_id": "subnet-024e428553ab01765",
            "tags": {
              "Name": "desafio-vpc-us-west-1b"
            },
            "tags_all": {
              "Name": "desafio-vpc-us-west-1b"
            },
            "timeouts": null
          },
          "sensitive_attributes": [],
          "private": "eyJlMmJmYjczMC1lY2FhLTExZTYtOGY4OC0zNDM2M2JjN2M0YzAiOnsiY3JlYXRlIjo2MDAwMDAwMDAwMDAsImRlbGV0ZSI6MTgwMDAwMDAwMDAwMCwidXBkYXRlIjo2MDAwMDAwMDAwMDB9fQ==",
          "dependencies": [
            "module.vpc.aws_eip.nat",
            "module.vpc.aws_internet_gateway.this",
            "module.vpc.aws_subnet.public",
            "module.vpc.aws_vpc.this",
            "module.vpc.aws_vpc_ipv4_cidr_block_association.this"
          ]
        },
        {
          "index_key": 1,
          "schema_version": 0,
          "attributes": {
            "allocation_id": "eipalloc-0ee9a6551e3af342d",
            "association_id": "eipassoc-0a3687cae0c11ef20",
            "connectivity_type": "public",
            "id": "nat-038e6976d479d0b86",
            "network_interface_id": "eni-0e7863049a51c9c8b",
            "private_ip": "10.123.2.115",
            "public_ip": "54.219.232.128",
            "secondary_allocation_ids": null,
            "secondary_private_ip_address_count": 0,
            "secondary_private_ip_addresses": [],
            "subnet_id": "subnet-0fae8f4bed658e2f7",
            "tags": {
              "Name": "desafio-vpc-us-west-1c"
            },
            "tags_all": {
              "Name": "desafio-vpc-us-west-1c"
            },
            "timeouts": null
          },
          "sensitive_attributes": [],
          "private": "eyJlMmJmYjczMC1lY2FhLTExZTYtOGY4OC0zNDM2M2JjN2M0YzAiOnsiY3JlYXRlIjo2MDAwMDAwMDAwMDAsImRlbGV0ZSI6MTgwMDAwMDAwMDAwMCwidXBkYXRlIjo2MDAwMDAwMDAwMDB9fQ==",
          "dependencies": [
            "module.vpc.aws_eip.nat",
            "module.vpc.aws_internet_gateway.this",
            "module.vpc.aws_subnet.public",
            "module.vpc.aws_vpc.this",
            "module.vpc.aws_vpc_ipv4_cidr_block_association.this"
          ]
        }
      ]
    },
    {
      "module": "module.vpc",
      "mode": "managed",
      "type": "aws_route",
      "name": "private_nat_gateway",
      "provider": "provider[\"registry.terraform.io/hashicorp/aws\"]",
      "instances": [
        {
          "index_key": 0,
          "schema_version": 0,
          "attributes": {
            "carrier_gateway_id": "",
            "core_network_arn": "",
            "destination_cidr_block": "0.0.0.0/0",
            "destination_ipv6_cidr_block": "",
            "destination_prefix_list_id": "",
            "egress_only_gateway_id": "",
            "gateway_id": "",
            "id": "r-rtb-02d976a97c0dec2f61080289494",
            "instance_id": "",
            "instance_owner_id": "",
            "local_gateway_id": "",
            "nat_gateway_id": "nat-0114e581f83ef1d82",
            "network_interface_id": "",
            "origin": "CreateRoute",
            "route_table_id": "rtb-02d976a97c0dec2f6",
            "state": "active",
            "timeouts": {
              "create": "5m",
              "delete": null,
              "update": null
            },
            "transit_gateway_id": "",
            "vpc_endpoint_id": "",
            "vpc_peering_connection_id": ""
          },
          "sensitive_attributes": [],
          "private": "eyJlMmJmYjczMC1lY2FhLTExZTYtOGY4OC0zNDM2M2JjN2M0YzAiOnsiY3JlYXRlIjozMDAwMDAwMDAwMDAsImRlbGV0ZSI6MzAwMDAwMDAwMDAwLCJ1cGRhdGUiOjEyMDAwMDAwMDAwMH19",
          "dependencies": [
            "module.vpc.aws_eip.nat",
            "module.vpc.aws_internet_gateway.this",
            "module.vpc.aws_nat_gateway.this",
            "module.vpc.aws_route_table.private",
            "module.vpc.aws_subnet.public",
            "module.vpc.aws_vpc.this",
            "module.vpc.aws_vpc_ipv4_cidr_block_association.this"
          ]
        },
        {
          "index_key": 1,
          "schema_version": 0,
          "attributes": {
            "carrier_gateway_id": "",
            "core_network_arn": "",
            "destination_cidr_block": "0.0.0.0/0",
            "destination_ipv6_cidr_block": "",
            "destination_prefix_list_id": "",
            "egress_only_gateway_id": "",
            "gateway_id": "",
            "id": "r-rtb-0fb19fda920c3e12e1080289494",
            "instance_id": "",
            "instance_owner_id": "",
            "local_gateway_id": "",
            "nat_gateway_id": "nat-038e6976d479d0b86",
            "network_interface_id": "",
            "origin": "CreateRoute",
            "route_table_id": "rtb-0fb19fda920c3e12e",
            "state": "active",
            "timeouts": {
              "create": "5m",
              "delete": null,
              "update": null
            },
            "transit_gateway_id": "",
            "vpc_endpoint_id": "",
            "vpc_peering_connection_id": ""
          },
          "sensitive_attributes": [],
          "private": "eyJlMmJmYjczMC1lY2FhLTExZTYtOGY4OC0zNDM2M2JjN2M0YzAiOnsiY3JlYXRlIjozMDAwMDAwMDAwMDAsImRlbGV0ZSI6MzAwMDAwMDAwMDAwLCJ1cGRhdGUiOjEyMDAwMDAwMDAwMH19",
          "dependencies": [
            "module.vpc.aws_eip.nat",
            "module.vpc.aws_internet_gateway.this",
            "module.vpc.aws_nat_gateway.this",
            "module.vpc.aws_route_table.private",
            "module.vpc.aws_subnet.public",
            "module.vpc.aws_vpc.this",
            "module.vpc.aws_vpc_ipv4_cidr_block_association.this"
          ]
        }
      ]
    },
    {
      "module": "module.vpc",
      "mode": "managed",
      "type": "aws_route",
      "name": "public_internet_gateway",
      "provider": "provider[\"registry.terraform.io/hashicorp/aws\"]",
      "instances": [
        {
          "index_key": 0,
          "schema_version": 0,
          "attributes": {
            "carrier_gateway_id": "",
            "core_network_arn": "",
            "destination_cidr_block": "0.0.0.0/0",
            "destination_ipv6_cidr_block": "",
            "destination_prefix_list_id": "",
            "egress_only_gateway_id": "",
            "gateway_id": "igw-0a6783a78840bf6e1",
            "id": "r-rtb-01fc9d85a7d44ce2d1080289494",
            "instance_id": "",
            "instance_owner_id": "",
            "local_gateway_id": "",
            "nat_gateway_id": "",
            "network_interface_id": "",
            "origin": "CreateRoute",
            "route_table_id": "rtb-01fc9d85a7d44ce2d",
            "state": "active",
            "timeouts": {
              "create": "5m",
              "delete": null,
              "update": null
            },
            "transit_gateway_id": "",
            "vpc_endpoint_id": "",
            "vpc_peering_connection_id": ""
          },
          "sensitive_attributes": [],
          "private": "eyJlMmJmYjczMC1lY2FhLTExZTYtOGY4OC0zNDM2M2JjN2M0YzAiOnsiY3JlYXRlIjozMDAwMDAwMDAwMDAsImRlbGV0ZSI6MzAwMDAwMDAwMDAwLCJ1cGRhdGUiOjEyMDAwMDAwMDAwMH19",
          "dependencies": [
            "module.vpc.aws_internet_gateway.this",
            "module.vpc.aws_route_table.public",
            "module.vpc.aws_vpc.this",
            "module.vpc.aws_vpc_ipv4_cidr_block_association.this"
          ]
        }
      ]
    },
    {
      "module": "module.vpc",
      "mode": "managed",
      "type": "aws_route_table",
      "name": "private",
      "provider": "provider[\"registry.terraform.io/hashicorp/aws\"]",
      "instances": [
        {
          "index_key": 0,
          "schema_version": 0,
          "attributes": {
            "arn": "arn:aws:ec2:us-west-1:833371734412:route-table/rtb-02d976a97c0dec2f6",
            "id": "rtb-02d976a97c0dec2f6",
            "owner_id": "833371734412",
            "propagating_vgws": [],
            "route": [],
            "tags": {
              "Name": "desafio-vpc-private-us-west-1b"
            },
            "tags_all": {
              "Name": "desafio-vpc-private-us-west-1b"
            },
            "timeouts": null,
            "vpc_id": "vpc-0b648cef8e82add73"
          },
          "sensitive_attributes": [],
          "private": "eyJlMmJmYjczMC1lY2FhLTExZTYtOGY4OC0zNDM2M2JjN2M0YzAiOnsiY3JlYXRlIjozMDAwMDAwMDAwMDAsImRlbGV0ZSI6MzAwMDAwMDAwMDAwLCJ1cGRhdGUiOjEyMDAwMDAwMDAwMH19",
          "dependencies": [
            "module.vpc.aws_vpc.this",
            "module.vpc.aws_vpc_ipv4_cidr_block_association.this"
          ]
        },
        {
          "index_key": 1,
          "schema_version": 0,
          "attributes": {
            "arn": "arn:aws:ec2:us-west-1:833371734412:route-table/rtb-0fb19fda920c3e12e",
            "id": "rtb-0fb19fda920c3e12e",
            "owner_id": "833371734412",
            "propagating_vgws": [],
            "route": [],
            "tags": {
              "Name": "desafio-vpc-private-us-west-1c"
            },
            "tags_all": {
              "Name": "desafio-vpc-private-us-west-1c"
            },
            "timeouts": null,
            "vpc_id": "vpc-0b648cef8e82add73"
          },
          "sensitive_attributes": [],
          "private": "eyJlMmJmYjczMC1lY2FhLTExZTYtOGY4OC0zNDM2M2JjN2M0YzAiOnsiY3JlYXRlIjozMDAwMDAwMDAwMDAsImRlbGV0ZSI6MzAwMDAwMDAwMDAwLCJ1cGRhdGUiOjEyMDAwMDAwMDAwMH19",
          "dependencies": [
            "module.vpc.aws_vpc.this",
            "module.vpc.aws_vpc_ipv4_cidr_block_association.this"
          ]
        }
      ]
    },
    {
      "module": "module.vpc",
      "mode": "managed",
      "type": "aws_route_table",
      "name": "public",
      "provider": "provider[\"registry.terraform.io/hashicorp/aws\"]",
      "instances": [
        {
          "index_key": 0,
          "schema_version": 0,
          "attributes": {
            "arn": "arn:aws:ec2:us-west-1:833371734412:route-table/rtb-01fc9d85a7d44ce2d",
            "id": "rtb-01fc9d85a7d44ce2d",
            "owner_id": "833371734412",
            "propagating_vgws": [],
            "route": [],
            "tags": {
              "Name": "desafio-vpc-public"
            },
            "tags_all": {
              "Name": "desafio-vpc-public"
            },
            "timeouts": null,
            "vpc_id": "vpc-0b648cef8e82add73"
          },
          "sensitive_attributes": [],
          "private": "eyJlMmJmYjczMC1lY2FhLTExZTYtOGY4OC0zNDM2M2JjN2M0YzAiOnsiY3JlYXRlIjozMDAwMDAwMDAwMDAsImRlbGV0ZSI6MzAwMDAwMDAwMDAwLCJ1cGRhdGUiOjEyMDAwMDAwMDAwMH19",
          "dependencies": [
            "module.vpc.aws_vpc.this",
            "module.vpc.aws_vpc_ipv4_cidr_block_association.this"
          ]
        }
      ]
    },
    {
      "module": "module.vpc",
      "mode": "managed",
      "type": "aws_route_table_association",
      "name": "private",
      "provider": "provider[\"registry.terraform.io/hashicorp/aws\"]",
      "instances": [
        {
          "index_key": 0,
          "schema_version": 0,
          "attributes": {
            "gateway_id": "",
            "id": "rtbassoc-0d849b086e618e186",
            "route_table_id": "rtb-02d976a97c0dec2f6",
            "subnet_id": "subnet-0f5d06e99c37f10d0",
            "timeouts": null
          },
          "sensitive_attributes": [],
          "private": "eyJlMmJmYjczMC1lY2FhLTExZTYtOGY4OC0zNDM2M2JjN2M0YzAiOnsiY3JlYXRlIjozMDAwMDAwMDAwMDAsImRlbGV0ZSI6MzAwMDAwMDAwMDAwLCJ1cGRhdGUiOjEyMDAwMDAwMDAwMH19",
          "dependencies": [
            "module.vpc.aws_route_table.private",
            "module.vpc.aws_subnet.private",
            "module.vpc.aws_vpc.this",
            "module.vpc.aws_vpc_ipv4_cidr_block_association.this"
          ]
        },
        {
          "index_key": 1,
          "schema_version": 0,
          "attributes": {
            "gateway_id": "",
            "id": "rtbassoc-0aaad0441cc22834c",
            "route_table_id": "rtb-0fb19fda920c3e12e",
            "subnet_id": "subnet-00108161fc2f6e03e",
            "timeouts": null
          },
          "sensitive_attributes": [],
          "private": "eyJlMmJmYjczMC1lY2FhLTExZTYtOGY4OC0zNDM2M2JjN2M0YzAiOnsiY3JlYXRlIjozMDAwMDAwMDAwMDAsImRlbGV0ZSI6MzAwMDAwMDAwMDAwLCJ1cGRhdGUiOjEyMDAwMDAwMDAwMH19",
          "dependencies": [
            "module.vpc.aws_route_table.private",
            "module.vpc.aws_subnet.private",
            "module.vpc.aws_vpc.this",
            "module.vpc.aws_vpc_ipv4_cidr_block_association.this"
          ]
        }
      ]
    },
    {
      "module": "module.vpc",
      "mode": "managed",
      "type": "aws_route_table_association",
      "name": "public",
      "provider": "provider[\"registry.terraform.io/hashicorp/aws\"]",
      "instances": [
        {
          "index_key": 0,
          "schema_version": 0,
          "attributes": {
            "gateway_id": "",
            "id": "rtbassoc-0ba37c61b006fdff4",
            "route_table_id": "rtb-01fc9d85a7d44ce2d",
            "subnet_id": "subnet-024e428553ab01765",
            "timeouts": null
          },
          "sensitive_attributes": [],
          "private": "eyJlMmJmYjczMC1lY2FhLTExZTYtOGY4OC0zNDM2M2JjN2M0YzAiOnsiY3JlYXRlIjozMDAwMDAwMDAwMDAsImRlbGV0ZSI6MzAwMDAwMDAwMDAwLCJ1cGRhdGUiOjEyMDAwMDAwMDAwMH19",
          "dependencies": [
            "module.vpc.aws_route_table.public",
            "module.vpc.aws_subnet.public",
            "module.vpc.aws_vpc.this",
            "module.vpc.aws_vpc_ipv4_cidr_block_association.this"
          ]
        },
        {
          "index_key": 1,
          "schema_version": 0,
          "attributes": {
            "gateway_id": "",
            "id": "rtbassoc-053635d7208ee284c",
            "route_table_id": "rtb-01fc9d85a7d44ce2d",
            "subnet_id": "subnet-0fae8f4bed658e2f7",
            "timeouts": null
          },
          "sensitive_attributes": [],
          "private": "eyJlMmJmYjczMC1lY2FhLTExZTYtOGY4OC0zNDM2M2JjN2M0YzAiOnsiY3JlYXRlIjozMDAwMDAwMDAwMDAsImRlbGV0ZSI6MzAwMDAwMDAwMDAwLCJ1cGRhdGUiOjEyMDAwMDAwMDAwMH19",
          "dependencies": [
            "module.vpc.aws_route_table.public",
            "module.vpc.aws_subnet.public",
            "module.vpc.aws_vpc.this",
            "module.vpc.aws_vpc_ipv4_cidr_block_association.this"
          ]
        }
      ]
    },
    {
      "module": "module.vpc",
      "mode": "managed",
      "type": "aws_subnet",
      "name": "private",
      "provider": "provider[\"registry.terraform.io/hashicorp/aws\"]",
      "instances": [
        {
          "index_key": 0,
          "schema_version": 1,
          "attributes": {
            "arn": "arn:aws:ec2:us-west-1:833371734412:subnet/subnet-0f5d06e99c37f10d0",
            "assign_ipv6_address_on_creation": false,
            "availability_zone": "us-west-1b",
            "availability_zone_id": "usw1-az3",
            "cidr_block": "10.123.3.0/24",
            "customer_owned_ipv4_pool": "",
            "enable_dns64": false,
            "enable_lni_at_device_index": 0,
            "enable_resource_name_dns_a_record_on_launch": false,
            "enable_resource_name_dns_aaaa_record_on_launch": false,
            "id": "subnet-0f5d06e99c37f10d0",
            "ipv6_cidr_block": "",
            "ipv6_cidr_block_association_id": "",
            "ipv6_native": false,
            "map_customer_owned_ip_on_launch": false,
            "map_public_ip_on_launch": false,
            "outpost_arn": "",
            "owner_id": "833371734412",
            "private_dns_hostname_type_on_launch": "ip-name",
            "tags": {
              "Name": "desafio-vpc-private-us-west-1b",
              "kubernetes.io/role/internal-elb": "1"
            },
            "tags_all": {
              "Name": "desafio-vpc-private-us-west-1b",
              "kubernetes.io/role/internal-elb": "1"
            },
            "timeouts": null,
            "vpc_id": "vpc-0b648cef8e82add73"
          },
          "sensitive_attributes": [],
          "private": "eyJlMmJmYjczMC1lY2FhLTExZTYtOGY4OC0zNDM2M2JjN2M0YzAiOnsiY3JlYXRlIjo2MDAwMDAwMDAwMDAsImRlbGV0ZSI6MTIwMDAwMDAwMDAwMH0sInNjaGVtYV92ZXJzaW9uIjoiMSJ9",
          "dependencies": [
            "module.vpc.aws_vpc.this",
            "module.vpc.aws_vpc_ipv4_cidr_block_association.this"
          ]
        },
        {
          "index_key": 1,
          "schema_version": 1,
          "attributes": {
            "arn": "arn:aws:ec2:us-west-1:833371734412:subnet/subnet-00108161fc2f6e03e",
            "assign_ipv6_address_on_creation": false,
            "availability_zone": "us-west-1c",
            "availability_zone_id": "usw1-az1",
            "cidr_block": "10.123.4.0/24",
            "customer_owned_ipv4_pool": "",
            "enable_dns64": false,
            "enable_lni_at_device_index": 0,
            "enable_resource_name_dns_a_record_on_launch": false,
            "enable_resource_name_dns_aaaa_record_on_launch": false,
            "id": "subnet-00108161fc2f6e03e",
            "ipv6_cidr_block": "",
            "ipv6_cidr_block_association_id": "",
            "ipv6_native": false,
            "map_customer_owned_ip_on_launch": false,
            "map_public_ip_on_launch": false,
            "outpost_arn": "",
            "owner_id": "833371734412",
            "private_dns_hostname_type_on_launch": "ip-name",
            "tags": {
              "Name": "desafio-vpc-private-us-west-1c",
              "kubernetes.io/role/internal-elb": "1"
            },
            "tags_all": {
              "Name": "desafio-vpc-private-us-west-1c",
              "kubernetes.io/role/internal-elb": "1"
            },
            "timeouts": null,
            "vpc_id": "vpc-0b648cef8e82add73"
          },
          "sensitive_attributes": [],
          "private": "eyJlMmJmYjczMC1lY2FhLTExZTYtOGY4OC0zNDM2M2JjN2M0YzAiOnsiY3JlYXRlIjo2MDAwMDAwMDAwMDAsImRlbGV0ZSI6MTIwMDAwMDAwMDAwMH0sInNjaGVtYV92ZXJzaW9uIjoiMSJ9",
          "dependencies": [
            "module.vpc.aws_vpc.this",
            "module.vpc.aws_vpc_ipv4_cidr_block_association.this"
          ]
        }
      ]
    },
    {
      "module": "module.vpc",
      "mode": "managed",
      "type": "aws_subnet",
      "name": "public",
      "provider": "provider[\"registry.terraform.io/hashicorp/aws\"]",
      "instances": [
        {
          "index_key": 0,
          "schema_version": 1,
          "attributes": {
            "arn": "arn:aws:ec2:us-west-1:833371734412:subnet/subnet-024e428553ab01765",
            "assign_ipv6_address_on_creation": false,
            "availability_zone": "us-west-1b",
            "availability_zone_id": "usw1-az3",
            "cidr_block": "10.123.1.0/24",
            "customer_owned_ipv4_pool": "",
            "enable_dns64": false,
            "enable_lni_at_device_index": 0,
            "enable_resource_name_dns_a_record_on_launch": false,
            "enable_resource_name_dns_aaaa_record_on_launch": false,
            "id": "subnet-024e428553ab01765",
            "ipv6_cidr_block": "",
            "ipv6_cidr_block_association_id": "",
            "ipv6_native": false,
            "map_customer_owned_ip_on_launch": false,
            "map_public_ip_on_launch": false,
            "outpost_arn": "",
            "owner_id": "833371734412",
            "private_dns_hostname_type_on_launch": "ip-name",
            "tags": {
              "Name": "desafio-vpc-public-us-west-1b",
              "kubernetes.io/role/elb": "1"
            },
            "tags_all": {
              "Name": "desafio-vpc-public-us-west-1b",
              "kubernetes.io/role/elb": "1"
            },
            "timeouts": null,
            "vpc_id": "vpc-0b648cef8e82add73"
          },
          "sensitive_attributes": [],
          "private": "eyJlMmJmYjczMC1lY2FhLTExZTYtOGY4OC0zNDM2M2JjN2M0YzAiOnsiY3JlYXRlIjo2MDAwMDAwMDAwMDAsImRlbGV0ZSI6MTIwMDAwMDAwMDAwMH0sInNjaGVtYV92ZXJzaW9uIjoiMSJ9",
          "dependencies": [
            "module.vpc.aws_vpc.this",
            "module.vpc.aws_vpc_ipv4_cidr_block_association.this"
          ]
        },
        {
          "index_key": 1,
          "schema_version": 1,
          "attributes": {
            "arn": "arn:aws:ec2:us-west-1:833371734412:subnet/subnet-0fae8f4bed658e2f7",
            "assign_ipv6_address_on_creation": false,
            "availability_zone": "us-west-1c",
            "availability_zone_id": "usw1-az1",
            "cidr_block": "10.123.2.0/24",
            "customer_owned_ipv4_pool": "",
            "enable_dns64": false,
            "enable_lni_at_device_index": 0,
            "enable_resource_name_dns_a_record_on_launch": false,
            "enable_resource_name_dns_aaaa_record_on_launch": false,
            "id": "subnet-0fae8f4bed658e2f7",
            "ipv6_cidr_block": "",
            "ipv6_cidr_block_association_id": "",
            "ipv6_native": false,
            "map_customer_owned_ip_on_launch": false,
            "map_public_ip_on_launch": false,
            "outpost_arn": "",
            "owner_id": "833371734412",
            "private_dns_hostname_type_on_launch": "ip-name",
            "tags": {
              "Name": "desafio-vpc-public-us-west-1c",
              "kubernetes.io/role/elb": "1"
            },
            "tags_all": {
              "Name": "desafio-vpc-public-us-west-1c",
              "kubernetes.io/role/elb": "1"
            },
            "timeouts": null,
            "vpc_id": "vpc-0b648cef8e82add73"
          },
          "sensitive_attributes": [],
          "private": "eyJlMmJmYjczMC1lY2FhLTExZTYtOGY4OC0zNDM2M2JjN2M0YzAiOnsiY3JlYXRlIjo2MDAwMDAwMDAwMDAsImRlbGV0ZSI6MTIwMDAwMDAwMDAwMH0sInNjaGVtYV92ZXJzaW9uIjoiMSJ9",
          "dependencies": [
            "module.vpc.aws_vpc.this",
            "module.vpc.aws_vpc_ipv4_cidr_block_association.this"
          ]
        }
      ]
    },
    {
      "module": "module.vpc",
      "mode": "managed",
      "type": "aws_vpc",
      "name": "this",
      "provider": "provider[\"registry.terraform.io/hashicorp/aws\"]",
      "instances": [
        {
          "index_key": 0,
          "schema_version": 1,
          "attributes": {
            "arn": "arn:aws:ec2:us-west-1:833371734412:vpc/vpc-0b648cef8e82add73",
            "assign_generated_ipv6_cidr_block": false,
            "cidr_block": "10.123.0.0/16",
            "default_network_acl_id": "acl-019f2949faf95557b",
            "default_route_table_id": "rtb-00343894a1e2df339",
            "default_security_group_id": "sg-05e40a57754d6711c",
            "dhcp_options_id": "dopt-0864c3cec56fb2413",
            "enable_dns_hostnames": true,
            "enable_dns_support": true,
            "enable_network_address_usage_metrics": false,
            "id": "vpc-0b648cef8e82add73",
            "instance_tenancy": "default",
            "ipv4_ipam_pool_id": null,
            "ipv4_netmask_length": null,
            "ipv6_association_id": "",
            "ipv6_cidr_block": "",
            "ipv6_cidr_block_network_border_group": "",
            "ipv6_ipam_pool_id": "",
            "ipv6_netmask_length": 0,
            "main_route_table_id": "rtb-00343894a1e2df339",
            "owner_id": "833371734412",
            "tags": {
              "Name": "desafio-vpc"
            },
            "tags_all": {
              "Name": "desafio-vpc"
            }
          },
          "sensitive_attributes": [],
          "private": "eyJzY2hlbWFfdmVyc2lvbiI6IjEifQ==",
          "create_before_destroy": true
        }
      ]
    },
    {
      "module": "module.vpc",
      "mode": "managed",
      "type": "aws_vpc_ipv4_cidr_block_association",
      "name": "this",
      "provider": "provider[\"registry.terraform.io/hashicorp/aws\"]",
      "instances": []
    }
  ],
  "check_results": null
}
